// !$*UTF8*$!
{
	archiveVersion = 1;
	classes = {
	};
	objectVersion = 51;
	objects = {

/* Begin PBXBuildFile section */
		0642834424DADE5C004BA0E1 /* AppDelegate.swift in Sources */ = {isa = PBXBuildFile; fileRef = 0642834324DADE5C004BA0E1 /* AppDelegate.swift */; };
		0642834624DADE5C004BA0E1 /* SceneDelegate.swift in Sources */ = {isa = PBXBuildFile; fileRef = 0642834524DADE5C004BA0E1 /* SceneDelegate.swift */; };
		0642834824DADE5C004BA0E1 /* ViewController.swift in Sources */ = {isa = PBXBuildFile; fileRef = 0642834724DADE5C004BA0E1 /* ViewController.swift */; };
		0642834B24DADE5C004BA0E1 /* Main.storyboard in Resources */ = {isa = PBXBuildFile; fileRef = 0642834924DADE5C004BA0E1 /* Main.storyboard */; };
		0642835024DADE5D004BA0E1 /* Assets.xcassets in Resources */ = {isa = PBXBuildFile; fileRef = 0642834F24DADE5D004BA0E1 /* Assets.xcassets */; };
		0642835324DADE5D004BA0E1 /* LaunchScreen.storyboard in Resources */ = {isa = PBXBuildFile; fileRef = 0642835124DADE5D004BA0E1 /* LaunchScreen.storyboard */; };
		0685811D24DE8ABB00130E0B /* AppStoreModel.swift in Sources */ = {isa = PBXBuildFile; fileRef = 0685811C24DE8ABB00130E0B /* AppStoreModel.swift */; };
		4C31AF06C1BB613B72F88F75 /* Pods_AppStoreSearchingProject.framework in Frameworks */ = {isa = PBXBuildFile; fileRef = 30BAB892CB6095318364EFF6 /* Pods_AppStoreSearchingProject.framework */; };
		6755BB2624DD26C8004BAAB9 /* Words+CoreDataClass.swift in Sources */ = {isa = PBXBuildFile; fileRef = 6755BB2424DD26C8004BAAB9 /* Words+CoreDataClass.swift */; };
		6755BB2724DD26C8004BAAB9 /* Words+CoreDataProperties.swift in Sources */ = {isa = PBXBuildFile; fileRef = 6755BB2524DD26C8004BAAB9 /* Words+CoreDataProperties.swift */; };
		6755BB2924DD2BAD004BAAB9 /* WordDataManager.swift in Sources */ = {isa = PBXBuildFile; fileRef = 6755BB2824DD2BAD004BAAB9 /* WordDataManager.swift */; };
		6755BB2C24DD3A48004BAAB9 /* AppStoreSearchingProject.xcdatamodeld in Sources */ = {isa = PBXBuildFile; fileRef = 6755BB2A24DD3A48004BAAB9 /* AppStoreSearchingProject.xcdatamodeld */; };
		6755BB2E24DD4EB6004BAAB9 /* ItemCell.swift in Sources */ = {isa = PBXBuildFile; fileRef = 6755BB2D24DD4EB6004BAAB9 /* ItemCell.swift */; };
/* End PBXBuildFile section */

/* Begin PBXFileReference section */
		0642834024DADE5C004BA0E1 /* AppStoreSearchingProject.app */ = {isa = PBXFileReference; explicitFileType = wrapper.application; includeInIndex = 0; path = AppStoreSearchingProject.app; sourceTree = BUILT_PRODUCTS_DIR; };
		0642834324DADE5C004BA0E1 /* AppDelegate.swift */ = {isa = PBXFileReference; lastKnownFileType = sourcecode.swift; path = AppDelegate.swift; sourceTree = "<group>"; };
		0642834524DADE5C004BA0E1 /* SceneDelegate.swift */ = {isa = PBXFileReference; lastKnownFileType = sourcecode.swift; path = SceneDelegate.swift; sourceTree = "<group>"; };
		0642834724DADE5C004BA0E1 /* ViewController.swift */ = {isa = PBXFileReference; lastKnownFileType = sourcecode.swift; path = ViewController.swift; sourceTree = "<group>"; };
		0642834A24DADE5C004BA0E1 /* Base */ = {isa = PBXFileReference; lastKnownFileType = file.storyboard; name = Base; path = Base.lproj/Main.storyboard; sourceTree = "<group>"; };
		0642834F24DADE5D004BA0E1 /* Assets.xcassets */ = {isa = PBXFileReference; lastKnownFileType = folder.assetcatalog; path = Assets.xcassets; sourceTree = "<group>"; };
		0642835224DADE5D004BA0E1 /* Base */ = {isa = PBXFileReference; lastKnownFileType = file.storyboard; name = Base; path = Base.lproj/LaunchScreen.storyboard; sourceTree = "<group>"; };
		0642835424DADE5D004BA0E1 /* Info.plist */ = {isa = PBXFileReference; lastKnownFileType = text.plist.xml; path = Info.plist; sourceTree = "<group>"; };
		0685811C24DE8ABB00130E0B /* AppStoreModel.swift */ = {isa = PBXFileReference; fileEncoding = 4; lastKnownFileType = sourcecode.swift; path = AppStoreModel.swift; sourceTree = "<group>"; };
		06E6FE1F82A7780B2FED5B43 /* Pods-AppStoreSearchingProject.release.xcconfig */ = {isa = PBXFileReference; includeInIndex = 1; lastKnownFileType = text.xcconfig; name = "Pods-AppStoreSearchingProject.release.xcconfig"; path = "Target Support Files/Pods-AppStoreSearchingProject/Pods-AppStoreSearchingProject.release.xcconfig"; sourceTree = "<group>"; };
		30BAB892CB6095318364EFF6 /* Pods_AppStoreSearchingProject.framework */ = {isa = PBXFileReference; explicitFileType = wrapper.framework; includeInIndex = 0; path = Pods_AppStoreSearchingProject.framework; sourceTree = BUILT_PRODUCTS_DIR; };
		6755BB2424DD26C8004BAAB9 /* Words+CoreDataClass.swift */ = {isa = PBXFileReference; lastKnownFileType = sourcecode.swift; name = "Words+CoreDataClass.swift"; path = "AppStoreSearchingProject/Words+CoreDataClass.swift"; sourceTree = "<group>"; };
		6755BB2524DD26C8004BAAB9 /* Words+CoreDataProperties.swift */ = {isa = PBXFileReference; lastKnownFileType = sourcecode.swift; name = "Words+CoreDataProperties.swift"; path = "AppStoreSearchingProject/Words+CoreDataProperties.swift"; sourceTree = "<group>"; };
		6755BB2824DD2BAD004BAAB9 /* WordDataManager.swift */ = {isa = PBXFileReference; lastKnownFileType = sourcecode.swift; path = WordDataManager.swift; sourceTree = "<group>"; };
		6755BB2B24DD3A48004BAAB9 /* AppStoreSearchingProject.xcdatamodel */ = {isa = PBXFileReference; lastKnownFileType = wrapper.xcdatamodel; path = AppStoreSearchingProject.xcdatamodel; sourceTree = "<group>"; };
		6755BB2D24DD4EB6004BAAB9 /* ItemCell.swift */ = {isa = PBXFileReference; lastKnownFileType = sourcecode.swift; path = ItemCell.swift; sourceTree = "<group>"; };
		F5A27D0F2886C8206C9C8C41 /* Pods-AppStoreSearchingProject.debug.xcconfig */ = {isa = PBXFileReference; includeInIndex = 1; lastKnownFileType = text.xcconfig; name = "Pods-AppStoreSearchingProject.debug.xcconfig"; path = "Target Support Files/Pods-AppStoreSearchingProject/Pods-AppStoreSearchingProject.debug.xcconfig"; sourceTree = "<group>"; };
/* End PBXFileReference section */

/* Begin PBXFrameworksBuildPhase section */
		0642833D24DADE5C004BA0E1 /* Frameworks */ = {
			isa = PBXFrameworksBuildPhase;
			buildActionMask = 2147483647;
			files = (
				4C31AF06C1BB613B72F88F75 /* Pods_AppStoreSearchingProject.framework in Frameworks */,
			);
			runOnlyForDeploymentPostprocessing = 0;
		};
/* End PBXFrameworksBuildPhase section */

/* Begin PBXGroup section */
		0642833724DADE5C004BA0E1 = {
			isa = PBXGroup;
			children = (
				6755BB2424DD26C8004BAAB9 /* Words+CoreDataClass.swift */,
				6755BB2524DD26C8004BAAB9 /* Words+CoreDataProperties.swift */,
				6755BB2A24DD3A48004BAAB9 /* AppStoreSearchingProject.xcdatamodeld */,
				0642834224DADE5C004BA0E1 /* AppStoreSearchingProject */,
				0642834124DADE5C004BA0E1 /* Products */,
				3BD1166A6E8651471F6FEB8F /* Pods */,
				699B33F764315326E18003C4 /* Frameworks */,
			);
			sourceTree = "<group>";
		};
		0642834124DADE5C004BA0E1 /* Products */ = {
			isa = PBXGroup;
			children = (
				0642834024DADE5C004BA0E1 /* AppStoreSearchingProject.app */,
			);
			name = Products;
			sourceTree = "<group>";
		};
		0642834224DADE5C004BA0E1 /* AppStoreSearchingProject */ = {
			isa = PBXGroup;
			children = (
				0685811C24DE8ABB00130E0B /* AppStoreModel.swift */,
				0642834324DADE5C004BA0E1 /* AppDelegate.swift */,
				0642834524DADE5C004BA0E1 /* SceneDelegate.swift */,
				0642834724DADE5C004BA0E1 /* ViewController.swift */,
				0642834924DADE5C004BA0E1 /* Main.storyboard */,
				0642834F24DADE5D004BA0E1 /* Assets.xcassets */,
				0642835124DADE5D004BA0E1 /* LaunchScreen.storyboard */,
				0642835424DADE5D004BA0E1 /* Info.plist */,
				6755BB2824DD2BAD004BAAB9 /* WordDataManager.swift */,
				6755BB2D24DD4EB6004BAAB9 /* ItemCell.swift */,
			);
			path = AppStoreSearchingProject;
			sourceTree = "<group>";
		};
		3BD1166A6E8651471F6FEB8F /* Pods */ = {
			isa = PBXGroup;
			children = (
				F5A27D0F2886C8206C9C8C41 /* Pods-AppStoreSearchingProject.debug.xcconfig */,
				06E6FE1F82A7780B2FED5B43 /* Pods-AppStoreSearchingProject.release.xcconfig */,
			);
			path = Pods;
			sourceTree = "<group>";
		};
		699B33F764315326E18003C4 /* Frameworks */ = {
			isa = PBXGroup;
			children = (
				30BAB892CB6095318364EFF6 /* Pods_AppStoreSearchingProject.framework */,
			);
			name = Frameworks;
			sourceTree = "<group>";
		};
/* End PBXGroup section */

/* Begin PBXNativeTarget section */
		0642833F24DADE5C004BA0E1 /* AppStoreSearchingProject */ = {
			isa = PBXNativeTarget;
			buildConfigurationList = 0642835724DADE5D004BA0E1 /* Build configuration list for PBXNativeTarget "AppStoreSearchingProject" */;
			buildPhases = (
				8222A366DBE5C93B14D2A5B8 /* [CP] Check Pods Manifest.lock */,
				0642833C24DADE5C004BA0E1 /* Sources */,
				0642833D24DADE5C004BA0E1 /* Frameworks */,
				0642833E24DADE5C004BA0E1 /* Resources */,
				EC236644834D147FD2C6FCE3 /* [CP] Embed Pods Frameworks */,
			);
			buildRules = (
			);
			dependencies = (
			);
			name = AppStoreSearchingProject;
			productName = AppStoreSearchingProject;
			productReference = 0642834024DADE5C004BA0E1 /* AppStoreSearchingProject.app */;
			productType = "com.apple.product-type.application";
		};
/* End PBXNativeTarget section */

/* Begin PBXProject section */
		0642833824DADE5C004BA0E1 /* Project object */ = {
			isa = PBXProject;
			attributes = {
				LastSwiftUpdateCheck = 1160;
				LastUpgradeCheck = 1160;
				ORGANIZATIONNAME = yoon;
				TargetAttributes = {
					0642833F24DADE5C004BA0E1 = {
						CreatedOnToolsVersion = 11.6;
					};
				};
			};
			buildConfigurationList = 0642833B24DADE5C004BA0E1 /* Build configuration list for PBXProject "AppStoreSearchingProject" */;
			compatibilityVersion = "Xcode 9.3";
			developmentRegion = en;
			hasScannedForEncodings = 0;
			knownRegions = (
				en,
				Base,
			);
			mainGroup = 0642833724DADE5C004BA0E1;
			productRefGroup = 0642834124DADE5C004BA0E1 /* Products */;
			projectDirPath = "";
			projectRoot = "";
			targets = (
				0642833F24DADE5C004BA0E1 /* AppStoreSearchingProject */,
			);
		};
/* End PBXProject section */

/* Begin PBXResourcesBuildPhase section */
		0642833E24DADE5C004BA0E1 /* Resources */ = {
			isa = PBXResourcesBuildPhase;
			buildActionMask = 2147483647;
			files = (
				0642835324DADE5D004BA0E1 /* LaunchScreen.storyboard in Resources */,
				0642835024DADE5D004BA0E1 /* Assets.xcassets in Resources */,
				0642834B24DADE5C004BA0E1 /* Main.storyboard in Resources */,
			);
			runOnlyForDeploymentPostprocessing = 0;
		};
/* End PBXResourcesBuildPhase section */

/* Begin PBXShellScriptBuildPhase section */
		8222A366DBE5C93B14D2A5B8 /* [CP] Check Pods Manifest.lock */ = {
			isa = PBXShellScriptBuildPhase;
			buildActionMask = 2147483647;
			files = (
			);
			inputFileListPaths = (
			);
			inputPaths = (
				"${PODS_PODFILE_DIR_PATH}/Podfile.lock",
				"${PODS_ROOT}/Manifest.lock",
			);
			name = "[CP] Check Pods Manifest.lock";
			outputFileListPaths = (
			);
			outputPaths = (
				"$(DERIVED_FILE_DIR)/Pods-AppStoreSearchingProject-checkManifestLockResult.txt",
			);
			runOnlyForDeploymentPostprocessing = 0;
			shellPath = /bin/sh;
			shellScript = "diff \"${PODS_PODFILE_DIR_PATH}/Podfile.lock\" \"${PODS_ROOT}/Manifest.lock\" > /dev/null\nif [ $? != 0 ] ; then\n    # print error to STDERR\n    echo \"error: The sandbox is not in sync with the Podfile.lock. Run 'pod install' or update your CocoaPods installation.\" >&2\n    exit 1\nfi\n# This output is used by Xcode 'outputs' to avoid re-running this script phase.\necho \"SUCCESS\" > \"${SCRIPT_OUTPUT_FILE_0}\"\n";
			showEnvVarsInLog = 0;
		};
		EC236644834D147FD2C6FCE3 /* [CP] Embed Pods Frameworks */ = {
			isa = PBXShellScriptBuildPhase;
			buildActionMask = 2147483647;
			files = (
			);
			inputFileListPaths = (
				"${PODS_ROOT}/Target Support Files/Pods-AppStoreSearchingProject/Pods-AppStoreSearchingProject-frameworks-${CONFIGURATION}-input-files.xcfilelist",
			);
			name = "[CP] Embed Pods Frameworks";
			outputFileListPaths = (
				"${PODS_ROOT}/Target Support Files/Pods-AppStoreSearchingProject/Pods-AppStoreSearchingProject-frameworks-${CONFIGURATION}-output-files.xcfilelist",
			);
			runOnlyForDeploymentPostprocessing = 0;
			shellPath = /bin/sh;
			shellScript = "\"${PODS_ROOT}/Target Support Files/Pods-AppStoreSearchingProject/Pods-AppStoreSearchingProject-frameworks.sh\"\n";
			showEnvVarsInLog = 0;
		};
/* End PBXShellScriptBuildPhase section */

/* Begin PBXSourcesBuildPhase section */
		0642833C24DADE5C004BA0E1 /* Sources */ = {
			isa = PBXSourcesBuildPhase;
			buildActionMask = 2147483647;
			files = (
				6755BB2E24DD4EB6004BAAB9 /* ItemCell.swift in Sources */,
				6755BB2924DD2BAD004BAAB9 /* WordDataManager.swift in Sources */,
				6755BB2724DD26C8004BAAB9 /* Words+CoreDataProperties.swift in Sources */,
				0685811D24DE8ABB00130E0B /* AppStoreModel.swift in Sources */,
				0642834824DADE5C004BA0E1 /* ViewController.swift in Sources */,
				0642834424DADE5C004BA0E1 /* AppDelegate.swift in Sources */,
				6755BB2624DD26C8004BAAB9 /* Words+CoreDataClass.swift in Sources */,
				6755BB2C24DD3A48004BAAB9 /* AppStoreSearchingProject.xcdatamodeld in Sources */,
				0642834624DADE5C004BA0E1 /* SceneDelegate.swift in Sources */,
			);
			runOnlyForDeploymentPostprocessing = 0;
		};
/* End PBXSourcesBuildPhase section */

/* Begin PBXVariantGroup section */
		0642834924DADE5C004BA0E1 /* Main.storyboard */ = {
			isa = PBXVariantGroup;
			children = (
				0642834A24DADE5C004BA0E1 /* Base */,
			);
			name = Main.storyboard;
			sourceTree = "<group>";
		};
		0642835124DADE5D004BA0E1 /* LaunchScreen.storyboard */ = {
			isa = PBXVariantGroup;
			children = (
				0642835224DADE5D004BA0E1 /* Base */,
			);
			name = LaunchScreen.storyboard;
			sourceTree = "<group>";
		};
/* End PBXVariantGroup section */

/* Begin XCBuildConfiguration section */
		0642835524DADE5D004BA0E1 /* Debug */ = {
			isa = XCBuildConfiguration;
			buildSettings = {
				ALWAYS_SEARCH_USER_PATHS = NO;
				CLANG_ANALYZER_NONNULL = YES;
				CLANG_ANALYZER_NUMBER_OBJECT_CONVERSION = YES_AGGRESSIVE;
				CLANG_CXX_LANGUAGE_STANDARD = "gnu++14";
				CLANG_CXX_LIBRARY = "libc++";
				CLANG_ENABLE_MODULES = YES;
				CLANG_ENABLE_OBJC_ARC = YES;
				CLANG_ENABLE_OBJC_WEAK = YES;
				CLANG_WARN_BLOCK_CAPTURE_AUTORELEASING = YES;
				CLANG_WARN_BOOL_CONVERSION = YES;
				CLANG_WARN_COMMA = YES;
				CLANG_WARN_CONSTANT_CONVERSION = YES;
				CLANG_WARN_DEPRECATED_OBJC_IMPLEMENTATIONS = YES;
				CLANG_WARN_DIRECT_OBJC_ISA_USAGE = YES_ERROR;
				CLANG_WARN_DOCUMENTATION_COMMENTS = YES;
				CLANG_WARN_EMPTY_BODY = YES;
				CLANG_WARN_ENUM_CONVERSION = YES;
				CLANG_WARN_INFINITE_RECURSION = YES;
				CLANG_WARN_INT_CONVERSION = YES;
				CLANG_WARN_NON_LITERAL_NULL_CONVERSION = YES;
				CLANG_WARN_OBJC_IMPLICIT_RETAIN_SELF = YES;
				CLANG_WARN_OBJC_LITERAL_CONVERSION = YES;
				CLANG_WARN_OBJC_ROOT_CLASS = YES_ERROR;
				CLANG_WARN_RANGE_LOOP_ANALYSIS = YES;
				CLANG_WARN_STRICT_PROTOTYPES = YES;
				CLANG_WARN_SUSPICIOUS_MOVE = YES;
				CLANG_WARN_UNGUARDED_AVAILABILITY = YES_AGGRESSIVE;
				CLANG_WARN_UNREACHABLE_CODE = YES;
				CLANG_WARN__DUPLICATE_METHOD_MATCH = YES;
				COPY_PHASE_STRIP = NO;
				DEBUG_INFORMATION_FORMAT = dwarf;
				ENABLE_STRICT_OBJC_MSGSEND = YES;
				ENABLE_TESTABILITY = YES;
				GCC_C_LANGUAGE_STANDARD = gnu11;
				GCC_DYNAMIC_NO_PIC = NO;
				GCC_NO_COMMON_BLOCKS = YES;
				GCC_OPTIMIZATION_LEVEL = 0;
				GCC_PREPROCESSOR_DEFINITIONS = (
					"DEBUG=1",
					"$(inherited)",
				);
				GCC_WARN_64_TO_32_BIT_CONVERSION = YES;
				GCC_WARN_ABOUT_RETURN_TYPE = YES_ERROR;
				GCC_WARN_UNDECLARED_SELECTOR = YES;
				GCC_WARN_UNINITIALIZED_AUTOS = YES_AGGRESSIVE;
				GCC_WARN_UNUSED_FUNCTION = YES;
				GCC_WARN_UNUSED_VARIABLE = YES;
				IPHONEOS_DEPLOYMENT_TARGET = 13.6;
				MTL_ENABLE_DEBUG_INFO = INCLUDE_SOURCE;
				MTL_FAST_MATH = YES;
				ONLY_ACTIVE_ARCH = YES;
				SDKROOT = iphoneos;
				SWIFT_ACTIVE_COMPILATION_CONDITIONS = DEBUG;
				SWIFT_OPTIMIZATION_LEVEL = "-Onone";
			};
			name = Debug;
		};
		0642835624DADE5D004BA0E1 /* Release */ = {
			isa = XCBuildConfiguration;
			buildSettings = {
				ALWAYS_SEARCH_USER_PATHS = NO;
				CLANG_ANALYZER_NONNULL = YES;
				CLANG_ANALYZER_NUMBER_OBJECT_CONVERSION = YES_AGGRESSIVE;
				CLANG_CXX_LANGUAGE_STANDARD = "gnu++14";
				CLANG_CXX_LIBRARY = "libc++";
				CLANG_ENABLE_MODULES = YES;
				CLANG_ENABLE_OBJC_ARC = YES;
				CLANG_ENABLE_OBJC_WEAK = YES;
				CLANG_WARN_BLOCK_CAPTURE_AUTORELEASING = YES;
				CLANG_WARN_BOOL_CONVERSION = YES;
				CLANG_WARN_COMMA = YES;
				CLANG_WARN_CONSTANT_CONVERSION = YES;
				CLANG_WARN_DEPRECATED_OBJC_IMPLEMENTATIONS = YES;
				CLANG_WARN_DIRECT_OBJC_ISA_USAGE = YES_ERROR;
				CLANG_WARN_DOCUMENTATION_COMMENTS = YES;
				CLANG_WARN_EMPTY_BODY = YES;
				CLANG_WARN_ENUM_CONVERSION = YES;
				CLANG_WARN_INFINITE_RECURSION = YES;
				CLANG_WARN_INT_CONVERSION = YES;
				CLANG_WARN_NON_LITERAL_NULL_CONVERSION = YES;
				CLANG_WARN_OBJC_IMPLICIT_RETAIN_SELF = YES;
				CLANG_WARN_OBJC_LITERAL_CONVERSION = YES;
				CLANG_WARN_OBJC_ROOT_CLASS = YES_ERROR;
				CLANG_WARN_RANGE_LOOP_ANALYSIS = YES;
				CLANG_WARN_STRICT_PROTOTYPES = YES;
				CLANG_WARN_SUSPICIOUS_MOVE = YES;
				CLANG_WARN_UNGUARDED_AVAILABILITY = YES_AGGRESSIVE;
				CLANG_WARN_UNREACHABLE_CODE = YES;
				CLANG_WARN__DUPLICATE_METHOD_MATCH = YES;
				COPY_PHASE_STRIP = NO;
				DEBUG_INFORMATION_FORMAT = "dwarf-with-dsym";
				ENABLE_NS_ASSERTIONS = NO;
				ENABLE_STRICT_OBJC_MSGSEND = YES;
				GCC_C_LANGUAGE_STANDARD = gnu11;
				GCC_NO_COMMON_BLOCKS = YES;
				GCC_WARN_64_TO_32_BIT_CONVERSION = YES;
				GCC_WARN_ABOUT_RETURN_TYPE = YES_ERROR;
				GCC_WARN_UNDECLARED_SELECTOR = YES;
				GCC_WARN_UNINITIALIZED_AUTOS = YES_AGGRESSIVE;
				GCC_WARN_UNUSED_FUNCTION = YES;
				GCC_WARN_UNUSED_VARIABLE = YES;
				IPHONEOS_DEPLOYMENT_TARGET = 13.6;
				MTL_ENABLE_DEBUG_INFO = NO;
				MTL_FAST_MATH = YES;
				SDKROOT = iphoneos;
				SWIFT_COMPILATION_MODE = wholemodule;
				SWIFT_OPTIMIZATION_LEVEL = "-O";
				VALIDATE_PRODUCT = YES;
			};
			name = Release;
		};
		0642835824DADE5D004BA0E1 /* Debug */ = {
			isa = XCBuildConfiguration;
			baseConfigurationReference = F5A27D0F2886C8206C9C8C41 /* Pods-AppStoreSearchingProject.debug.xcconfig */;
			buildSettings = {
				ASSETCATALOG_COMPILER_APPICON_NAME = AppIcon;
				CODE_SIGN_STYLE = Automatic;
				DEVELOPMENT_TEAM = 9P6WAX9VN5;
				INFOPLIST_FILE = AppStoreSearchingProject/Info.plist;
				LD_RUNPATH_SEARCH_PATHS = (
					"$(inherited)",
					"@executable_path/Frameworks",
				);
				PRODUCT_BUNDLE_IDENTIFIER = kr.yoon.AppStoreSearchingProject;
				PRODUCT_NAME = "$(TARGET_NAME)";
				SWIFT_VERSION = 5.0;
				TARGETED_DEVICE_FAMILY = 1;
			};
			name = Debug;
		};
		0642835924DADE5D004BA0E1 /* Release */ = {
			isa = XCBuildConfiguration;
			baseConfigurationReference = 06E6FE1F82A7780B2FED5B43 /* Pods-AppStoreSearchingProject.release.xcconfig */;
			buildSettings = {
				ASSETCATALOG_COMPILER_APPICON_NAME = AppIcon;
				CODE_SIGN_STYLE = Automatic;
				DEVELOPMENT_TEAM = 9P6WAX9VN5;
				INFOPLIST_FILE = AppStoreSearchingProject/Info.plist;
				LD_RUNPATH_SEARCH_PATHS = (
					"$(inherited)",
					"@executable_path/Frameworks",
				);
				PRODUCT_BUNDLE_IDENTIFIER = kr.yoon.AppStoreSearchingProject;
				PRODUCT_NAME = "$(TARGET_NAME)";
				SWIFT_VERSION = 5.0;
				TARGETED_DEVICE_FAMILY = 1;
			};
			name = Release;
		};
/* End XCBuildConfiguration section */

/* Begin XCConfigurationList section */
		0642833B24DADE5C004BA0E1 /* Build configuration list for PBXProject "AppStoreSearchingProject" */ = {
			isa = XCConfigurationList;
			buildConfigurations = (
				0642835524DADE5D004BA0E1 /* Debug */,
				0642835624DADE5D004BA0E1 /* Release */,
			);
			defaultConfigurationIsVisible = 0;
			defaultConfigurationName = Release;
		};
		0642835724DADE5D004BA0E1 /* Build configuration list for PBXNativeTarget "AppStoreSearchingProject" */ = {
			isa = XCConfigurationList;
			buildConfigurations = (
				0642835824DADE5D004BA0E1 /* Debug */,
				0642835924DADE5D004BA0E1 /* Release */,
			);
			defaultConfigurationIsVisible = 0;
			defaultConfigurationName = Release;
		};
/* End XCConfigurationList section */

/* Begin XCVersionGroup section */
		6755BB2A24DD3A48004BAAB9 /* AppStoreSearchingProject.xcdatamodeld */ = {
			isa = XCVersionGroup;
			children = (
				6755BB2B24DD3A48004BAAB9 /* AppStoreSearchingProject.xcdatamodel */,
			);
			currentVersion = 6755BB2B24DD3A48004BAAB9 /* AppStoreSearchingProject.xcdatamodel */;
			name = AppStoreSearchingProject.xcdatamodeld;
			path = AppStoreSearchingProject/AppStoreSearchingProject.xcdatamodeld;
			sourceTree = "<group>";
			versionGroupType = wrapper.xcdatamodel;
		};
/* End XCVersionGroup section */
	};
	rootObject = 0642833824DADE5C004BA0E1 /* Project object */;
}
