// !$*UTF8*$!
{
	archiveVersion = 1;
	classes = {
	};
	objectVersion = 52;
	objects = {

/* Begin PBXBuildFile section */
		062652BD27537AEF00AEB1BF /* DetailInfoCell.swift in Sources */ = {isa = PBXBuildFile; fileRef = 062652BB27537AEF00AEB1BF /* DetailInfoCell.swift */; };
		062652BE27537AEF00AEB1BF /* DetailInfoCell.xib in Resources */ = {isa = PBXBuildFile; fileRef = 062652BC27537AEF00AEB1BF /* DetailInfoCell.xib */; };
		062652C12753801200AEB1BF /* DetailRowView.swift in Sources */ = {isa = PBXBuildFile; fileRef = 062652BF2753801200AEB1BF /* DetailRowView.swift */; };
		062652C22753801200AEB1BF /* DetailRowView.xib in Resources */ = {isa = PBXBuildFile; fileRef = 062652C02753801200AEB1BF /* DetailRowView.xib */; };
		062652C42753810C00AEB1BF /* UINib+.swift in Sources */ = {isa = PBXBuildFile; fileRef = 062652C32753810C00AEB1BF /* UINib+.swift */; };
		062652C72753847600AEB1BF /* DetailReviewCell.swift in Sources */ = {isa = PBXBuildFile; fileRef = 062652C52753847600AEB1BF /* DetailReviewCell.swift */; };
		062652C82753847600AEB1BF /* DetailReviewCell.xib in Resources */ = {isa = PBXBuildFile; fileRef = 062652C62753847600AEB1BF /* DetailReviewCell.xib */; };
		062652CA2753865200AEB1BF /* StackView+.swift in Sources */ = {isa = PBXBuildFile; fileRef = 062652C92753865200AEB1BF /* StackView+.swift */; };
		062652CC27538B8900AEB1BF /* UICollectionView+.swift in Sources */ = {isa = PBXBuildFile; fileRef = 062652CB27538B8900AEB1BF /* UICollectionView+.swift */; };
		062652D027538BC200AEB1BF /* DetailImageCell.swift in Sources */ = {isa = PBXBuildFile; fileRef = 062652CE27538BC200AEB1BF /* DetailImageCell.swift */; };
		062652D127538BC200AEB1BF /* DetailImageCell.xib in Resources */ = {isa = PBXBuildFile; fileRef = 062652CF27538BC200AEB1BF /* DetailImageCell.xib */; };
		062E44A02753380D0053192A /* EmptyCell.swift in Sources */ = {isa = PBXBuildFile; fileRef = 062E449E2753380D0053192A /* EmptyCell.swift */; };
		062E44A12753380D0053192A /* EmptyCell.xib in Resources */ = {isa = PBXBuildFile; fileRef = 062E449F2753380D0053192A /* EmptyCell.xib */; };
		062E44A3275355410053192A /* UILabel+.swift in Sources */ = {isa = PBXBuildFile; fileRef = 062E44A2275355410053192A /* UILabel+.swift */; };
		062E44A7275358C60053192A /* DetailAppInfoCell.swift in Sources */ = {isa = PBXBuildFile; fileRef = 062E44A5275358C60053192A /* DetailAppInfoCell.swift */; };
		062E44A8275358C60053192A /* DetailAppInfoCell.xib in Resources */ = {isa = PBXBuildFile; fileRef = 062E44A6275358C60053192A /* DetailAppInfoCell.xib */; };
		062E44AB27535FBA0053192A /* DetailNewFeatureCell.swift in Sources */ = {isa = PBXBuildFile; fileRef = 062E44A927535FBA0053192A /* DetailNewFeatureCell.swift */; };
		062E44AC27535FBA0053192A /* DetailNewFeatureCell.xib in Resources */ = {isa = PBXBuildFile; fileRef = 062E44AA27535FBA0053192A /* DetailNewFeatureCell.xib */; };
		062E44B2275364D00053192A /* DetailPreviewCell.swift in Sources */ = {isa = PBXBuildFile; fileRef = 062E44B0275364D00053192A /* DetailPreviewCell.swift */; };
		062E44B3275364D00053192A /* DetailPreviewCell.xib in Resources */ = {isa = PBXBuildFile; fileRef = 062E44B1275364D00053192A /* DetailPreviewCell.xib */; };
		062E44BA275367380053192A /* DeatilTypeModel.swift in Sources */ = {isa = PBXBuildFile; fileRef = 062E44B9275367380053192A /* DeatilTypeModel.swift */; };
		062E44BD275368410053192A /* DeatilDescriptionCell.swift in Sources */ = {isa = PBXBuildFile; fileRef = 062E44BB275368410053192A /* DeatilDescriptionCell.swift */; };
		062E44BE275368410053192A /* DeatilDescriptionCell.xib in Resources */ = {isa = PBXBuildFile; fileRef = 062E44BC275368410053192A /* DeatilDescriptionCell.xib */; };
		062FBFA22754B8280044AE83 /* ReviewDetailCell.swift in Sources */ = {isa = PBXBuildFile; fileRef = 062FBFA02754B8280044AE83 /* ReviewDetailCell.swift */; };
		062FBFA32754B8280044AE83 /* ReviewDetailCell.xib in Resources */ = {isa = PBXBuildFile; fileRef = 062FBFA12754B8280044AE83 /* ReviewDetailCell.xib */; };
		062FBFA52754FF690044AE83 /* UIColor+.swift in Sources */ = {isa = PBXBuildFile; fileRef = 062FBFA42754FF690044AE83 /* UIColor+.swift */; };
		063408F92756388400BB7E54 /* SearchResultImageCell.swift in Sources */ = {isa = PBXBuildFile; fileRef = 063408F72756388400BB7E54 /* SearchResultImageCell.swift */; };
		063408FA2756388400BB7E54 /* SearchResultImageCell.xib in Resources */ = {isa = PBXBuildFile; fileRef = 063408F82756388400BB7E54 /* SearchResultImageCell.xib */; };
		0634091F275648F400BB7E54 /* ImageViewModel.swift in Sources */ = {isa = PBXBuildFile; fileRef = 0634091E275648F400BB7E54 /* ImageViewModel.swift */; };
		0634092127564AB200BB7E54 /* UIImageView+.swift in Sources */ = {isa = PBXBuildFile; fileRef = 0634092027564AB200BB7E54 /* UIImageView+.swift */; };
		0636596B2751DDD80097658C /* String+.swift in Sources */ = {isa = PBXBuildFile; fileRef = 0636596A2751DDD80097658C /* String+.swift */; };
		0636596D2751DE030097658C /* Date+.swift in Sources */ = {isa = PBXBuildFile; fileRef = 0636596C2751DE030097658C /* Date+.swift */; };
		0636596F2751DE140097658C /* UITableView+.swift in Sources */ = {isa = PBXBuildFile; fileRef = 0636596E2751DE140097658C /* UITableView+.swift */; };
		063659712751DE350097658C /* Int+.swift in Sources */ = {isa = PBXBuildFile; fileRef = 063659702751DE350097658C /* Int+.swift */; };
		063659732751DE560097658C /* UIView+.swift in Sources */ = {isa = PBXBuildFile; fileRef = 063659722751DE560097658C /* UIView+.swift */; };
		063659752751DE770097658C /* NSMutableAttributedString+.swift in Sources */ = {isa = PBXBuildFile; fileRef = 063659742751DE770097658C /* NSMutableAttributedString+.swift */; };
		063659772751DF080097658C /* UITableViewCell+.swift in Sources */ = {isa = PBXBuildFile; fileRef = 063659762751DF080097658C /* UITableViewCell+.swift */; };
		0636597A2751DF450097658C /* Coordinator.swift in Sources */ = {isa = PBXBuildFile; fileRef = 063659792751DF450097658C /* Coordinator.swift */; };
		0636597C2751E2B00097658C /* AppCoordinator.swift in Sources */ = {isa = PBXBuildFile; fileRef = 0636597B2751E2B00097658C /* AppCoordinator.swift */; };
		0636597F2751E6F80097658C /* AppSearchCoodinator.swift in Sources */ = {isa = PBXBuildFile; fileRef = 0636597E2751E6F80097658C /* AppSearchCoodinator.swift */; };
		063659832751F0090097658C /* SplahViewController.swift in Sources */ = {isa = PBXBuildFile; fileRef = 063659812751F0090097658C /* SplahViewController.swift */; };
		063659842751F0090097658C /* SplahViewController.xib in Resources */ = {isa = PBXBuildFile; fileRef = 063659822751F0090097658C /* SplahViewController.xib */; };
		063659872751F0500097658C /* SplashCoordinator.swift in Sources */ = {isa = PBXBuildFile; fileRef = 063659862751F0500097658C /* SplashCoordinator.swift */; };
		0636598D2751F3270097658C /* TabBarCoordinator.swift in Sources */ = {isa = PBXBuildFile; fileRef = 0636598C2751F3270097658C /* TabBarCoordinator.swift */; };
		063659902751F3B40097658C /* TabBar.swift in Sources */ = {isa = PBXBuildFile; fileRef = 0636598F2751F3B40097658C /* TabBar.swift */; };
		063659922751F4180097658C /* UIDevice+.swift in Sources */ = {isa = PBXBuildFile; fileRef = 063659912751F4180097658C /* UIDevice+.swift */; };
		063659942751F46E0097658C /* TabBarController.swift in Sources */ = {isa = PBXBuildFile; fileRef = 063659932751F46E0097658C /* TabBarController.swift */; };
		0636599A2751FC950097658C /* Global.swift in Sources */ = {isa = PBXBuildFile; fileRef = 063659992751FC950097658C /* Global.swift */; };
		0636599D2751FEE40097658C /* TabBarItem.swift in Sources */ = {isa = PBXBuildFile; fileRef = 0636599C2751FEE40097658C /* TabBarItem.swift */; };
		063659A22752036D0097658C /* DetailCoordinator.swift in Sources */ = {isa = PBXBuildFile; fileRef = 063659A12752036D0097658C /* DetailCoordinator.swift */; };
		063659A7275203BD0097658C /* ImagePreviewCoordinator.swift in Sources */ = {isa = PBXBuildFile; fileRef = 063659A6275203BD0097658C /* ImagePreviewCoordinator.swift */; };
		063659AA27520BBF0097658C /* SearchTypeModels.swift in Sources */ = {isa = PBXBuildFile; fileRef = 063659A927520BBF0097658C /* SearchTypeModels.swift */; };
		063659AD275212040097658C /* NetworkManager.swift in Sources */ = {isa = PBXBuildFile; fileRef = 063659AC275212040097658C /* NetworkManager.swift */; };
		063659AF275212780097658C /* ServerPhaseManager.swift in Sources */ = {isa = PBXBuildFile; fileRef = 063659AE275212780097658C /* ServerPhaseManager.swift */; };
		063659B1275217DB0097658C /* URLRquest+.swift in Sources */ = {isa = PBXBuildFile; fileRef = 063659B0275217DB0097658C /* URLRquest+.swift */; };
		063659B4275227120097658C /* SearchWordCell.swift in Sources */ = {isa = PBXBuildFile; fileRef = 063659B2275227120097658C /* SearchWordCell.swift */; };
		063659B5275227120097658C /* SearchWordCell.xib in Resources */ = {isa = PBXBuildFile; fileRef = 063659B3275227120097658C /* SearchWordCell.xib */; };
		063659BF27522C370097658C /* SearchResultCell.swift in Sources */ = {isa = PBXBuildFile; fileRef = 063659BD27522C370097658C /* SearchResultCell.swift */; };
		063659C027522C370097658C /* SearchResultCell.xib in Resources */ = {isa = PBXBuildFile; fileRef = 063659BE27522C370097658C /* SearchResultCell.xib */; };
		0642834424DADE5C004BA0E1 /* AppDelegate.swift in Sources */ = {isa = PBXBuildFile; fileRef = 0642834324DADE5C004BA0E1 /* AppDelegate.swift */; };
		0642834824DADE5C004BA0E1 /* AppSearchViewController.swift in Sources */ = {isa = PBXBuildFile; fileRef = 0642834724DADE5C004BA0E1 /* AppSearchViewController.swift */; };
		0642834B24DADE5C004BA0E1 /* Main.storyboard in Resources */ = {isa = PBXBuildFile; fileRef = 0642834924DADE5C004BA0E1 /* Main.storyboard */; };
		0642835024DADE5D004BA0E1 /* Assets.xcassets in Resources */ = {isa = PBXBuildFile; fileRef = 0642834F24DADE5D004BA0E1 /* Assets.xcassets */; };
		0642835324DADE5D004BA0E1 /* LaunchScreen.storyboard in Resources */ = {isa = PBXBuildFile; fileRef = 0642835124DADE5D004BA0E1 /* LaunchScreen.storyboard */; };
		0685811D24DE8ABB00130E0B /* AppStoreModel.swift in Sources */ = {isa = PBXBuildFile; fileRef = 0685811C24DE8ABB00130E0B /* AppStoreModel.swift */; };
		068617D224E007D200971037 /* DetailViewController.swift in Sources */ = {isa = PBXBuildFile; fileRef = 068617D124E007D200971037 /* DetailViewController.swift */; };
		1C152EC02751D72700D181AB /* IQKeyboardManagerSwift in Frameworks */ = {isa = PBXBuildFile; productRef = 1C152EBF2751D72700D181AB /* IQKeyboardManagerSwift */; };
		1C152EC82754958B00D181AB /* ImagePreviewCell.swift in Sources */ = {isa = PBXBuildFile; fileRef = 1C152EC62754958B00D181AB /* ImagePreviewCell.swift */; };
		1C152EC92754958B00D181AB /* ImagePreviewCell.xib in Resources */ = {isa = PBXBuildFile; fileRef = 1C152EC72754958B00D181AB /* ImagePreviewCell.xib */; };
		1C1A87002755CA85004B84C0 /* ReviewDetailCoordinator.swift in Sources */ = {isa = PBXBuildFile; fileRef = 1C1A86FF2755CA85004B84C0 /* ReviewDetailCoordinator.swift */; };
		1C1A87042755D056004B84C0 /* ReviewDetailViewController.swift in Sources */ = {isa = PBXBuildFile; fileRef = 1C1A87032755D056004B84C0 /* ReviewDetailViewController.swift */; };
		4C31AF06C1BB613B72F88F75 /* Pods_AppStoreSearchingProject.framework in Frameworks */ = {isa = PBXBuildFile; fileRef = 30BAB892CB6095318364EFF6 /* Pods_AppStoreSearchingProject.framework */; };
		671BAF8B24E12F5F001F1BC8 /* ImagePreviewViewController.swift in Sources */ = {isa = PBXBuildFile; fileRef = 671BAF8A24E12F5F001F1BC8 /* ImagePreviewViewController.swift */; };
		6755BB2624DD26C8004BAAB9 /* Words+CoreDataClass.swift in Sources */ = {isa = PBXBuildFile; fileRef = 6755BB2424DD26C8004BAAB9 /* Words+CoreDataClass.swift */; };
		6755BB2724DD26C8004BAAB9 /* Words+CoreDataProperties.swift in Sources */ = {isa = PBXBuildFile; fileRef = 6755BB2524DD26C8004BAAB9 /* Words+CoreDataProperties.swift */; };
		6755BB2924DD2BAD004BAAB9 /* WordDataManager.swift in Sources */ = {isa = PBXBuildFile; fileRef = 6755BB2824DD2BAD004BAAB9 /* WordDataManager.swift */; };
		6755BB2C24DD3A48004BAAB9 /* AppStoreSearchingProject.xcdatamodeld in Sources */ = {isa = PBXBuildFile; fileRef = 6755BB2A24DD3A48004BAAB9 /* AppStoreSearchingProject.xcdatamodeld */; };
/* End PBXBuildFile section */

/* Begin PBXFileReference section */
		062652BB27537AEF00AEB1BF /* DetailInfoCell.swift */ = {isa = PBXFileReference; lastKnownFileType = sourcecode.swift; path = DetailInfoCell.swift; sourceTree = "<group>"; };
		062652BC27537AEF00AEB1BF /* DetailInfoCell.xib */ = {isa = PBXFileReference; lastKnownFileType = file.xib; path = DetailInfoCell.xib; sourceTree = "<group>"; };
		062652BF2753801200AEB1BF /* DetailRowView.swift */ = {isa = PBXFileReference; fileEncoding = 4; lastKnownFileType = sourcecode.swift; path = DetailRowView.swift; sourceTree = "<group>"; };
		062652C02753801200AEB1BF /* DetailRowView.xib */ = {isa = PBXFileReference; fileEncoding = 4; lastKnownFileType = file.xib; path = DetailRowView.xib; sourceTree = "<group>"; };
		062652C32753810C00AEB1BF /* UINib+.swift */ = {isa = PBXFileReference; lastKnownFileType = sourcecode.swift; path = "UINib+.swift"; sourceTree = "<group>"; };
		062652C52753847600AEB1BF /* DetailReviewCell.swift */ = {isa = PBXFileReference; lastKnownFileType = sourcecode.swift; path = DetailReviewCell.swift; sourceTree = "<group>"; };
		062652C62753847600AEB1BF /* DetailReviewCell.xib */ = {isa = PBXFileReference; lastKnownFileType = file.xib; path = DetailReviewCell.xib; sourceTree = "<group>"; };
		062652C92753865200AEB1BF /* StackView+.swift */ = {isa = PBXFileReference; lastKnownFileType = sourcecode.swift; path = "StackView+.swift"; sourceTree = "<group>"; };
		062652CB27538B8900AEB1BF /* UICollectionView+.swift */ = {isa = PBXFileReference; lastKnownFileType = sourcecode.swift; path = "UICollectionView+.swift"; sourceTree = "<group>"; };
		062652CE27538BC200AEB1BF /* DetailImageCell.swift */ = {isa = PBXFileReference; lastKnownFileType = sourcecode.swift; path = DetailImageCell.swift; sourceTree = "<group>"; };
		062652CF27538BC200AEB1BF /* DetailImageCell.xib */ = {isa = PBXFileReference; lastKnownFileType = file.xib; path = DetailImageCell.xib; sourceTree = "<group>"; };
		062E449E2753380D0053192A /* EmptyCell.swift */ = {isa = PBXFileReference; lastKnownFileType = sourcecode.swift; path = EmptyCell.swift; sourceTree = "<group>"; };
		062E449F2753380D0053192A /* EmptyCell.xib */ = {isa = PBXFileReference; lastKnownFileType = file.xib; path = EmptyCell.xib; sourceTree = "<group>"; };
		062E44A2275355410053192A /* UILabel+.swift */ = {isa = PBXFileReference; lastKnownFileType = sourcecode.swift; path = "UILabel+.swift"; sourceTree = "<group>"; };
		062E44A5275358C60053192A /* DetailAppInfoCell.swift */ = {isa = PBXFileReference; lastKnownFileType = sourcecode.swift; path = DetailAppInfoCell.swift; sourceTree = "<group>"; };
		062E44A6275358C60053192A /* DetailAppInfoCell.xib */ = {isa = PBXFileReference; lastKnownFileType = file.xib; path = DetailAppInfoCell.xib; sourceTree = "<group>"; };
		062E44A927535FBA0053192A /* DetailNewFeatureCell.swift */ = {isa = PBXFileReference; lastKnownFileType = sourcecode.swift; path = DetailNewFeatureCell.swift; sourceTree = "<group>"; };
		062E44AA27535FBA0053192A /* DetailNewFeatureCell.xib */ = {isa = PBXFileReference; lastKnownFileType = file.xib; path = DetailNewFeatureCell.xib; sourceTree = "<group>"; };
		062E44B0275364D00053192A /* DetailPreviewCell.swift */ = {isa = PBXFileReference; lastKnownFileType = sourcecode.swift; path = DetailPreviewCell.swift; sourceTree = "<group>"; };
		062E44B1275364D00053192A /* DetailPreviewCell.xib */ = {isa = PBXFileReference; lastKnownFileType = file.xib; path = DetailPreviewCell.xib; sourceTree = "<group>"; };
		062E44B9275367380053192A /* DeatilTypeModel.swift */ = {isa = PBXFileReference; lastKnownFileType = sourcecode.swift; path = DeatilTypeModel.swift; sourceTree = "<group>"; };
		062E44BB275368410053192A /* DeatilDescriptionCell.swift */ = {isa = PBXFileReference; lastKnownFileType = sourcecode.swift; path = DeatilDescriptionCell.swift; sourceTree = "<group>"; };
		062E44BC275368410053192A /* DeatilDescriptionCell.xib */ = {isa = PBXFileReference; lastKnownFileType = file.xib; path = DeatilDescriptionCell.xib; sourceTree = "<group>"; };
		062FBFA02754B8280044AE83 /* ReviewDetailCell.swift */ = {isa = PBXFileReference; lastKnownFileType = sourcecode.swift; path = ReviewDetailCell.swift; sourceTree = "<group>"; };
		062FBFA12754B8280044AE83 /* ReviewDetailCell.xib */ = {isa = PBXFileReference; lastKnownFileType = file.xib; path = ReviewDetailCell.xib; sourceTree = "<group>"; };
		062FBFA42754FF690044AE83 /* UIColor+.swift */ = {isa = PBXFileReference; lastKnownFileType = sourcecode.swift; path = "UIColor+.swift"; sourceTree = "<group>"; };
		063408F72756388400BB7E54 /* SearchResultImageCell.swift */ = {isa = PBXFileReference; lastKnownFileType = sourcecode.swift; path = SearchResultImageCell.swift; sourceTree = "<group>"; };
		063408F82756388400BB7E54 /* SearchResultImageCell.xib */ = {isa = PBXFileReference; lastKnownFileType = file.xib; path = SearchResultImageCell.xib; sourceTree = "<group>"; };
		0634091E275648F400BB7E54 /* ImageViewModel.swift */ = {isa = PBXFileReference; lastKnownFileType = sourcecode.swift; path = ImageViewModel.swift; sourceTree = "<group>"; };
		0634092027564AB200BB7E54 /* UIImageView+.swift */ = {isa = PBXFileReference; lastKnownFileType = sourcecode.swift; path = "UIImageView+.swift"; sourceTree = "<group>"; };
		0636596A2751DDD80097658C /* String+.swift */ = {isa = PBXFileReference; lastKnownFileType = sourcecode.swift; path = "String+.swift"; sourceTree = "<group>"; };
		0636596C2751DE030097658C /* Date+.swift */ = {isa = PBXFileReference; lastKnownFileType = sourcecode.swift; path = "Date+.swift"; sourceTree = "<group>"; };
		0636596E2751DE140097658C /* UITableView+.swift */ = {isa = PBXFileReference; lastKnownFileType = sourcecode.swift; path = "UITableView+.swift"; sourceTree = "<group>"; };
		063659702751DE350097658C /* Int+.swift */ = {isa = PBXFileReference; lastKnownFileType = sourcecode.swift; path = "Int+.swift"; sourceTree = "<group>"; };
		063659722751DE560097658C /* UIView+.swift */ = {isa = PBXFileReference; lastKnownFileType = sourcecode.swift; path = "UIView+.swift"; sourceTree = "<group>"; };
		063659742751DE770097658C /* NSMutableAttributedString+.swift */ = {isa = PBXFileReference; lastKnownFileType = sourcecode.swift; path = "NSMutableAttributedString+.swift"; sourceTree = "<group>"; };
		063659762751DF080097658C /* UITableViewCell+.swift */ = {isa = PBXFileReference; lastKnownFileType = sourcecode.swift; path = "UITableViewCell+.swift"; sourceTree = "<group>"; };
		063659792751DF450097658C /* Coordinator.swift */ = {isa = PBXFileReference; lastKnownFileType = sourcecode.swift; path = Coordinator.swift; sourceTree = "<group>"; };
		0636597B2751E2B00097658C /* AppCoordinator.swift */ = {isa = PBXFileReference; lastKnownFileType = sourcecode.swift; path = AppCoordinator.swift; sourceTree = "<group>"; };
		0636597E2751E6F80097658C /* AppSearchCoodinator.swift */ = {isa = PBXFileReference; lastKnownFileType = sourcecode.swift; path = AppSearchCoodinator.swift; sourceTree = "<group>"; };
		063659812751F0090097658C /* SplahViewController.swift */ = {isa = PBXFileReference; lastKnownFileType = sourcecode.swift; path = SplahViewController.swift; sourceTree = "<group>"; };
		063659822751F0090097658C /* SplahViewController.xib */ = {isa = PBXFileReference; lastKnownFileType = file.xib; path = SplahViewController.xib; sourceTree = "<group>"; };
		063659862751F0500097658C /* SplashCoordinator.swift */ = {isa = PBXFileReference; lastKnownFileType = sourcecode.swift; path = SplashCoordinator.swift; sourceTree = "<group>"; };
		0636598C2751F3270097658C /* TabBarCoordinator.swift */ = {isa = PBXFileReference; lastKnownFileType = sourcecode.swift; path = TabBarCoordinator.swift; sourceTree = "<group>"; };
		0636598F2751F3B40097658C /* TabBar.swift */ = {isa = PBXFileReference; lastKnownFileType = sourcecode.swift; path = TabBar.swift; sourceTree = "<group>"; };
		063659912751F4180097658C /* UIDevice+.swift */ = {isa = PBXFileReference; lastKnownFileType = sourcecode.swift; path = "UIDevice+.swift"; sourceTree = "<group>"; };
		063659932751F46E0097658C /* TabBarController.swift */ = {isa = PBXFileReference; lastKnownFileType = sourcecode.swift; path = TabBarController.swift; sourceTree = "<group>"; };
		063659992751FC950097658C /* Global.swift */ = {isa = PBXFileReference; lastKnownFileType = sourcecode.swift; path = Global.swift; sourceTree = "<group>"; };
		0636599C2751FEE40097658C /* TabBarItem.swift */ = {isa = PBXFileReference; lastKnownFileType = sourcecode.swift; path = TabBarItem.swift; sourceTree = "<group>"; };
		063659A12752036D0097658C /* DetailCoordinator.swift */ = {isa = PBXFileReference; lastKnownFileType = sourcecode.swift; path = DetailCoordinator.swift; sourceTree = "<group>"; };
		063659A6275203BD0097658C /* ImagePreviewCoordinator.swift */ = {isa = PBXFileReference; lastKnownFileType = sourcecode.swift; path = ImagePreviewCoordinator.swift; sourceTree = "<group>"; };
		063659A927520BBF0097658C /* SearchTypeModels.swift */ = {isa = PBXFileReference; lastKnownFileType = sourcecode.swift; path = SearchTypeModels.swift; sourceTree = "<group>"; };
		063659AC275212040097658C /* NetworkManager.swift */ = {isa = PBXFileReference; lastKnownFileType = sourcecode.swift; path = NetworkManager.swift; sourceTree = "<group>"; };
		063659AE275212780097658C /* ServerPhaseManager.swift */ = {isa = PBXFileReference; lastKnownFileType = sourcecode.swift; path = ServerPhaseManager.swift; sourceTree = "<group>"; };
		063659B0275217DB0097658C /* URLRquest+.swift */ = {isa = PBXFileReference; lastKnownFileType = sourcecode.swift; path = "URLRquest+.swift"; sourceTree = "<group>"; };
		063659B2275227120097658C /* SearchWordCell.swift */ = {isa = PBXFileReference; lastKnownFileType = sourcecode.swift; path = SearchWordCell.swift; sourceTree = "<group>"; };
		063659B3275227120097658C /* SearchWordCell.xib */ = {isa = PBXFileReference; lastKnownFileType = file.xib; path = SearchWordCell.xib; sourceTree = "<group>"; };
		063659BD27522C370097658C /* SearchResultCell.swift */ = {isa = PBXFileReference; lastKnownFileType = sourcecode.swift; path = SearchResultCell.swift; sourceTree = "<group>"; };
		063659BE27522C370097658C /* SearchResultCell.xib */ = {isa = PBXFileReference; lastKnownFileType = file.xib; path = SearchResultCell.xib; sourceTree = "<group>"; };
		0642834024DADE5C004BA0E1 /* AppStoreSearchingProject.app */ = {isa = PBXFileReference; explicitFileType = wrapper.application; includeInIndex = 0; path = AppStoreSearchingProject.app; sourceTree = BUILT_PRODUCTS_DIR; };
		0642834324DADE5C004BA0E1 /* AppDelegate.swift */ = {isa = PBXFileReference; lastKnownFileType = sourcecode.swift; path = AppDelegate.swift; sourceTree = "<group>"; };
		0642834724DADE5C004BA0E1 /* AppSearchViewController.swift */ = {isa = PBXFileReference; lastKnownFileType = sourcecode.swift; path = AppSearchViewController.swift; sourceTree = "<group>"; };
		0642834A24DADE5C004BA0E1 /* Base */ = {isa = PBXFileReference; lastKnownFileType = file.storyboard; name = Base; path = Base.lproj/Main.storyboard; sourceTree = "<group>"; };
		0642834F24DADE5D004BA0E1 /* Assets.xcassets */ = {isa = PBXFileReference; lastKnownFileType = folder.assetcatalog; path = Assets.xcassets; sourceTree = "<group>"; };
		0642835224DADE5D004BA0E1 /* Base */ = {isa = PBXFileReference; lastKnownFileType = file.storyboard; name = Base; path = Base.lproj/LaunchScreen.storyboard; sourceTree = "<group>"; };
		0642835424DADE5D004BA0E1 /* Info.plist */ = {isa = PBXFileReference; lastKnownFileType = text.plist.xml; path = Info.plist; sourceTree = "<group>"; };
		0685811C24DE8ABB00130E0B /* AppStoreModel.swift */ = {isa = PBXFileReference; fileEncoding = 4; lastKnownFileType = sourcecode.swift; path = AppStoreModel.swift; sourceTree = "<group>"; };
		068617D124E007D200971037 /* DetailViewController.swift */ = {isa = PBXFileReference; lastKnownFileType = sourcecode.swift; path = DetailViewController.swift; sourceTree = "<group>"; };
		06E6FE1F82A7780B2FED5B43 /* Pods-AppStoreSearchingProject.release.xcconfig */ = {isa = PBXFileReference; includeInIndex = 1; lastKnownFileType = text.xcconfig; name = "Pods-AppStoreSearchingProject.release.xcconfig"; path = "Target Support Files/Pods-AppStoreSearchingProject/Pods-AppStoreSearchingProject.release.xcconfig"; sourceTree = "<group>"; };
		1C152EC62754958B00D181AB /* ImagePreviewCell.swift */ = {isa = PBXFileReference; lastKnownFileType = sourcecode.swift; path = ImagePreviewCell.swift; sourceTree = "<group>"; };
		1C152EC72754958B00D181AB /* ImagePreviewCell.xib */ = {isa = PBXFileReference; lastKnownFileType = file.xib; path = ImagePreviewCell.xib; sourceTree = "<group>"; };
		1C1A86FF2755CA85004B84C0 /* ReviewDetailCoordinator.swift */ = {isa = PBXFileReference; lastKnownFileType = sourcecode.swift; path = ReviewDetailCoordinator.swift; sourceTree = "<group>"; };
		1C1A87032755D056004B84C0 /* ReviewDetailViewController.swift */ = {isa = PBXFileReference; lastKnownFileType = sourcecode.swift; path = ReviewDetailViewController.swift; sourceTree = "<group>"; };
		30BAB892CB6095318364EFF6 /* Pods_AppStoreSearchingProject.framework */ = {isa = PBXFileReference; explicitFileType = wrapper.framework; includeInIndex = 0; path = Pods_AppStoreSearchingProject.framework; sourceTree = BUILT_PRODUCTS_DIR; };
		671BAF8A24E12F5F001F1BC8 /* ImagePreviewViewController.swift */ = {isa = PBXFileReference; lastKnownFileType = sourcecode.swift; path = ImagePreviewViewController.swift; sourceTree = "<group>"; };
		6755BB2424DD26C8004BAAB9 /* Words+CoreDataClass.swift */ = {isa = PBXFileReference; lastKnownFileType = sourcecode.swift; path = "Words+CoreDataClass.swift"; sourceTree = "<group>"; };
		6755BB2524DD26C8004BAAB9 /* Words+CoreDataProperties.swift */ = {isa = PBXFileReference; lastKnownFileType = sourcecode.swift; path = "Words+CoreDataProperties.swift"; sourceTree = "<group>"; };
		6755BB2824DD2BAD004BAAB9 /* WordDataManager.swift */ = {isa = PBXFileReference; lastKnownFileType = sourcecode.swift; path = WordDataManager.swift; sourceTree = "<group>"; };
		6755BB2B24DD3A48004BAAB9 /* AppStoreSearchingProject.xcdatamodel */ = {isa = PBXFileReference; lastKnownFileType = wrapper.xcdatamodel; path = AppStoreSearchingProject.xcdatamodel; sourceTree = "<group>"; };
		F5A27D0F2886C8206C9C8C41 /* Pods-AppStoreSearchingProject.debug.xcconfig */ = {isa = PBXFileReference; includeInIndex = 1; lastKnownFileType = text.xcconfig; name = "Pods-AppStoreSearchingProject.debug.xcconfig"; path = "Target Support Files/Pods-AppStoreSearchingProject/Pods-AppStoreSearchingProject.debug.xcconfig"; sourceTree = "<group>"; };
/* End PBXFileReference section */

/* Begin PBXFrameworksBuildPhase section */
		0642833D24DADE5C004BA0E1 /* Frameworks */ = {
			isa = PBXFrameworksBuildPhase;
			buildActionMask = 2147483647;
			files = (
				1C152EC02751D72700D181AB /* IQKeyboardManagerSwift in Frameworks */,
				4C31AF06C1BB613B72F88F75 /* Pods_AppStoreSearchingProject.framework in Frameworks */,
			);
			runOnlyForDeploymentPostprocessing = 0;
		};
/* End PBXFrameworksBuildPhase section */

/* Begin PBXGroup section */
		062652CD27538BAB00AEB1BF /* Image */ = {
			isa = PBXGroup;
			children = (
				062652CE27538BC200AEB1BF /* DetailImageCell.swift */,
				062652CF27538BC200AEB1BF /* DetailImageCell.xib */,
			);
			path = Image;
			sourceTree = "<group>";
		};
		062E44A4275357BD0053192A /* Cell */ = {
			isa = PBXGroup;
			children = (
				062FBF9B2754B7360044AE83 /* ReviewDetailCell */,
				062652CD27538BAB00AEB1BF /* Image */,
				062E44A5275358C60053192A /* DetailAppInfoCell.swift */,
				062E44A6275358C60053192A /* DetailAppInfoCell.xib */,
				062E44A927535FBA0053192A /* DetailNewFeatureCell.swift */,
				062E44AA27535FBA0053192A /* DetailNewFeatureCell.xib */,
				062E44B0275364D00053192A /* DetailPreviewCell.swift */,
				062E44B1275364D00053192A /* DetailPreviewCell.xib */,
				062E44BB275368410053192A /* DeatilDescriptionCell.swift */,
				062E44BC275368410053192A /* DeatilDescriptionCell.xib */,
				062652BB27537AEF00AEB1BF /* DetailInfoCell.swift */,
				062652BC27537AEF00AEB1BF /* DetailInfoCell.xib */,
				062652C52753847600AEB1BF /* DetailReviewCell.swift */,
				062652C62753847600AEB1BF /* DetailReviewCell.xib */,
			);
			path = Cell;
			sourceTree = "<group>";
		};
		062E44AD275363B60053192A /* View */ = {
			isa = PBXGroup;
			children = (
				062652BF2753801200AEB1BF /* DetailRowView.swift */,
				062652C02753801200AEB1BF /* DetailRowView.xib */,
			);
			path = View;
			sourceTree = "<group>";
		};
		062E44B82753671A0053192A /* Model */ = {
			isa = PBXGroup;
			children = (
				062E44B9275367380053192A /* DeatilTypeModel.swift */,
			);
			path = Model;
			sourceTree = "<group>";
		};
		062FBF9B2754B7360044AE83 /* ReviewDetailCell */ = {
			isa = PBXGroup;
			children = (
				062FBFA02754B8280044AE83 /* ReviewDetailCell.swift */,
				062FBFA12754B8280044AE83 /* ReviewDetailCell.xib */,
			);
			path = ReviewDetailCell;
			sourceTree = "<group>";
		};
		0634091D275648E100BB7E54 /* ViewModel */ = {
			isa = PBXGroup;
			children = (
				0634091E275648F400BB7E54 /* ImageViewModel.swift */,
			);
			path = ViewModel;
			sourceTree = "<group>";
		};
		063659782751DF3C0097658C /* Coordinator */ = {
			isa = PBXGroup;
			children = (
				063659792751DF450097658C /* Coordinator.swift */,
			);
			path = Coordinator;
			sourceTree = "<group>";
		};
		0636597D2751E6E40097658C /* AppSearch */ = {
			isa = PBXGroup;
			children = (
				063659A827520BB40097658C /* Model */,
				063659962751F74D0097658C /* View */,
				063659952751F7460097658C /* Coordinator */,
			);
			path = AppSearch;
			sourceTree = "<group>";
		};
		063659802751EFDC0097658C /* Splash */ = {
			isa = PBXGroup;
			children = (
				063659972751F7570097658C /* View */,
				063659852751F03B0097658C /* Coordinator */,
			);
			path = Splash;
			sourceTree = "<group>";
		};
		063659852751F03B0097658C /* Coordinator */ = {
			isa = PBXGroup;
			children = (
				063659862751F0500097658C /* SplashCoordinator.swift */,
			);
			path = Coordinator;
			sourceTree = "<group>";
		};
		063659882751F2DC0097658C /* Extension */ = {
			isa = PBXGroup;
			children = (
				0636596E2751DE140097658C /* UITableView+.swift */,
				0636596A2751DDD80097658C /* String+.swift */,
				0636596C2751DE030097658C /* Date+.swift */,
				063659702751DE350097658C /* Int+.swift */,
				063659722751DE560097658C /* UIView+.swift */,
				063659742751DE770097658C /* NSMutableAttributedString+.swift */,
				062652CB27538B8900AEB1BF /* UICollectionView+.swift */,
				063659762751DF080097658C /* UITableViewCell+.swift */,
				063659912751F4180097658C /* UIDevice+.swift */,
				063659B0275217DB0097658C /* URLRquest+.swift */,
				062E44A2275355410053192A /* UILabel+.swift */,
				062652C32753810C00AEB1BF /* UINib+.swift */,
				062652C92753865200AEB1BF /* StackView+.swift */,
				062FBFA42754FF690044AE83 /* UIColor+.swift */,
				0634092027564AB200BB7E54 /* UIImageView+.swift */,
			);
			path = Extension;
			sourceTree = "<group>";
		};
		063659892751F2EC0097658C /* View */ = {
			isa = PBXGroup;
			children = (
				0636598A2751F2F10097658C /* TabBar */,
			);
			path = View;
			sourceTree = "<group>";
		};
		0636598A2751F2F10097658C /* TabBar */ = {
			isa = PBXGroup;
			children = (
				0636598E2751F3A60097658C /* View */,
				0636598B2751F3170097658C /* Coordinator */,
			);
			path = TabBar;
			sourceTree = "<group>";
		};
		0636598B2751F3170097658C /* Coordinator */ = {
			isa = PBXGroup;
			children = (
				0636598C2751F3270097658C /* TabBarCoordinator.swift */,
			);
			path = Coordinator;
			sourceTree = "<group>";
		};
		0636598E2751F3A60097658C /* View */ = {
			isa = PBXGroup;
			children = (
				0636598F2751F3B40097658C /* TabBar.swift */,
				063659932751F46E0097658C /* TabBarController.swift */,
			);
			path = View;
			sourceTree = "<group>";
		};
		063659952751F7460097658C /* Coordinator */ = {
			isa = PBXGroup;
			children = (
				0636597E2751E6F80097658C /* AppSearchCoodinator.swift */,
			);
			path = Coordinator;
			sourceTree = "<group>";
		};
		063659962751F74D0097658C /* View */ = {
			isa = PBXGroup;
			children = (
				063659B6275227430097658C /* Cell */,
				0642834724DADE5C004BA0E1 /* AppSearchViewController.swift */,
			);
			path = View;
			sourceTree = "<group>";
		};
		063659972751F7570097658C /* View */ = {
			isa = PBXGroup;
			children = (
				063659812751F0090097658C /* SplahViewController.swift */,
				063659822751F0090097658C /* SplahViewController.xib */,
			);
			path = View;
			sourceTree = "<group>";
		};
		063659982751FC860097658C /* Util */ = {
			isa = PBXGroup;
			children = (
				063659992751FC950097658C /* Global.swift */,
			);
			path = Util;
			sourceTree = "<group>";
		};
		0636599B2751FED40097658C /* Models */ = {
			isa = PBXGroup;
			children = (
				0636599C2751FEE40097658C /* TabBarItem.swift */,
			);
			path = Models;
			sourceTree = "<group>";
		};
		0636599E275203060097658C /* AppDetail */ = {
			isa = PBXGroup;
			children = (
				062E44B82753671A0053192A /* Model */,
				063659A0275203610097658C /* View */,
				0636599F2752035A0097658C /* Coordinator */,
			);
			path = AppDetail;
			sourceTree = "<group>";
		};
		0636599F2752035A0097658C /* Coordinator */ = {
			isa = PBXGroup;
			children = (
				063659A12752036D0097658C /* DetailCoordinator.swift */,
			);
			path = Coordinator;
			sourceTree = "<group>";
		};
		063659A0275203610097658C /* View */ = {
			isa = PBXGroup;
			children = (
				062E44AD275363B60053192A /* View */,
				062E44A4275357BD0053192A /* Cell */,
				068617D124E007D200971037 /* DetailViewController.swift */,
			);
			path = View;
			sourceTree = "<group>";
		};
		063659A3275203980097658C /* ImagePreview */ = {
			isa = PBXGroup;
			children = (
				063659A5275203AE0097658C /* View */,
				063659A4275203A80097658C /* Coordinator */,
			);
			path = ImagePreview;
			sourceTree = "<group>";
		};
		063659A4275203A80097658C /* Coordinator */ = {
			isa = PBXGroup;
			children = (
				063659A6275203BD0097658C /* ImagePreviewCoordinator.swift */,
			);
			path = Coordinator;
			sourceTree = "<group>";
		};
		063659A5275203AE0097658C /* View */ = {
			isa = PBXGroup;
			children = (
				1C152EC52754955F00D181AB /* Cell */,
				671BAF8A24E12F5F001F1BC8 /* ImagePreviewViewController.swift */,
			);
			path = View;
			sourceTree = "<group>";
		};
		063659A827520BB40097658C /* Model */ = {
			isa = PBXGroup;
			children = (
				063659A927520BBF0097658C /* SearchTypeModels.swift */,
			);
			path = Model;
			sourceTree = "<group>";
		};
		063659AB275211FA0097658C /* Manager */ = {
			isa = PBXGroup;
			children = (
				063659AC275212040097658C /* NetworkManager.swift */,
				063659AE275212780097658C /* ServerPhaseManager.swift */,
			);
			path = Manager;
			sourceTree = "<group>";
		};
		063659B6275227430097658C /* Cell */ = {
			isa = PBXGroup;
			children = (
				063659B2275227120097658C /* SearchWordCell.swift */,
				063659B3275227120097658C /* SearchWordCell.xib */,
				063659BD27522C370097658C /* SearchResultCell.swift */,
				063659BE27522C370097658C /* SearchResultCell.xib */,
				062E449E2753380D0053192A /* EmptyCell.swift */,
				062E449F2753380D0053192A /* EmptyCell.xib */,
				063408F72756388400BB7E54 /* SearchResultImageCell.swift */,
				063408F82756388400BB7E54 /* SearchResultImageCell.xib */,
			);
			path = Cell;
			sourceTree = "<group>";
		};
		0642833724DADE5C004BA0E1 = {
			isa = PBXGroup;
			children = (
				0642834224DADE5C004BA0E1 /* AppStoreSearchingProject */,
				0642834124DADE5C004BA0E1 /* Products */,
				3BD1166A6E8651471F6FEB8F /* Pods */,
				699B33F764315326E18003C4 /* Frameworks */,
			);
			sourceTree = "<group>";
		};
		0642834124DADE5C004BA0E1 /* Products */ = {
			isa = PBXGroup;
			children = (
				0642834024DADE5C004BA0E1 /* AppStoreSearchingProject.app */,
			);
			name = Products;
			sourceTree = "<group>";
		};
		0642834224DADE5C004BA0E1 /* AppStoreSearchingProject */ = {
			isa = PBXGroup;
			children = (
				1C152EB32750D00F00D181AB /* Common */,
				1C152EB12750CFF600D181AB /* Views */,
				1C152EAF2750CFA000D181AB /* Resource */,
				67F5DAE224E22E0C00AB1AE1 /* CoreData */,
				67F1FE3A24E1299800A4B8D0 /* Model */,
			);
			path = AppStoreSearchingProject;
			sourceTree = "<group>";
		};
		1C152EAF2750CFA000D181AB /* Resource */ = {
			isa = PBXGroup;
			children = (
				0642834F24DADE5D004BA0E1 /* Assets.xcassets */,
				0642835124DADE5D004BA0E1 /* LaunchScreen.storyboard */,
				0642835424DADE5D004BA0E1 /* Info.plist */,
			);
			path = Resource;
			sourceTree = "<group>";
		};
		1C152EB02750CFEB00D181AB /* Appdelegate */ = {
			isa = PBXGroup;
			children = (
				0642834324DADE5C004BA0E1 /* AppDelegate.swift */,
				0636597B2751E2B00097658C /* AppCoordinator.swift */,
			);
			path = Appdelegate;
			sourceTree = "<group>";
		};
		1C152EB12750CFF600D181AB /* Views */ = {
			isa = PBXGroup;
			children = (
				0642834924DADE5C004BA0E1 /* Main.storyboard */,
				67F1FE3B24E129A100A4B8D0 /* ViewController */,
			);
			path = Views;
			sourceTree = "<group>";
		};
		1C152EB32750D00F00D181AB /* Common */ = {
			isa = PBXGroup;
			children = (
				0634091D275648E100BB7E54 /* ViewModel */,
				063659AB275211FA0097658C /* Manager */,
				0636599B2751FED40097658C /* Models */,
				063659982751FC860097658C /* Util */,
				063659892751F2EC0097658C /* View */,
				063659882751F2DC0097658C /* Extension */,
				1C152EB02750CFEB00D181AB /* Appdelegate */,
				063659782751DF3C0097658C /* Coordinator */,
			);
			path = Common;
			sourceTree = "<group>";
		};
		1C152EC52754955F00D181AB /* Cell */ = {
			isa = PBXGroup;
			children = (
				1C152EC62754958B00D181AB /* ImagePreviewCell.swift */,
				1C152EC72754958B00D181AB /* ImagePreviewCell.xib */,
			);
			path = Cell;
			sourceTree = "<group>";
		};
		1C1A86FE2755CA68004B84C0 /* ReviewDetail */ = {
			isa = PBXGroup;
			children = (
				1C1A87022755CA92004B84C0 /* View */,
				1C1A87012755CA89004B84C0 /* Coordinator */,
			);
			path = ReviewDetail;
			sourceTree = "<group>";
		};
		1C1A87012755CA89004B84C0 /* Coordinator */ = {
			isa = PBXGroup;
			children = (
				1C1A86FF2755CA85004B84C0 /* ReviewDetailCoordinator.swift */,
			);
			path = Coordinator;
			sourceTree = "<group>";
		};
		1C1A87022755CA92004B84C0 /* View */ = {
			isa = PBXGroup;
			children = (
				1C1A87052755E8C3004B84C0 /* Cell */,
				1C1A87032755D056004B84C0 /* ReviewDetailViewController.swift */,
			);
			path = View;
			sourceTree = "<group>";
		};
		1C1A87052755E8C3004B84C0 /* Cell */ = {
			isa = PBXGroup;
			children = (
			);
			path = Cell;
			sourceTree = "<group>";
		};
		3BD1166A6E8651471F6FEB8F /* Pods */ = {
			isa = PBXGroup;
			children = (
				F5A27D0F2886C8206C9C8C41 /* Pods-AppStoreSearchingProject.debug.xcconfig */,
				06E6FE1F82A7780B2FED5B43 /* Pods-AppStoreSearchingProject.release.xcconfig */,
			);
			path = Pods;
			sourceTree = "<group>";
		};
		67F1FE3A24E1299800A4B8D0 /* Model */ = {
			isa = PBXGroup;
			children = (
				0685811C24DE8ABB00130E0B /* AppStoreModel.swift */,
			);
			path = Model;
			sourceTree = "<group>";
		};
		67F1FE3B24E129A100A4B8D0 /* ViewController */ = {
			isa = PBXGroup;
			children = (
				063659802751EFDC0097658C /* Splash */,
				0636597D2751E6E40097658C /* AppSearch */,
				063659A3275203980097658C /* ImagePreview */,
				1C1A86FE2755CA68004B84C0 /* ReviewDetail */,
				0636599E275203060097658C /* AppDetail */,
			);
			path = ViewController;
			sourceTree = "<group>";
		};
		67F5DAE224E22E0C00AB1AE1 /* CoreData */ = {
			isa = PBXGroup;
			children = (
				6755BB2424DD26C8004BAAB9 /* Words+CoreDataClass.swift */,
				6755BB2524DD26C8004BAAB9 /* Words+CoreDataProperties.swift */,
				6755BB2A24DD3A48004BAAB9 /* AppStoreSearchingProject.xcdatamodeld */,
				6755BB2824DD2BAD004BAAB9 /* WordDataManager.swift */,
			);
			path = CoreData;
			sourceTree = "<group>";
		};
		699B33F764315326E18003C4 /* Frameworks */ = {
			isa = PBXGroup;
			children = (
				30BAB892CB6095318364EFF6 /* Pods_AppStoreSearchingProject.framework */,
			);
			name = Frameworks;
			sourceTree = "<group>";
		};
/* End PBXGroup section */

/* Begin PBXNativeTarget section */
		0642833F24DADE5C004BA0E1 /* AppStoreSearchingProject */ = {
			isa = PBXNativeTarget;
			buildConfigurationList = 0642835724DADE5D004BA0E1 /* Build configuration list for PBXNativeTarget "AppStoreSearchingProject" */;
			buildPhases = (
				8222A366DBE5C93B14D2A5B8 /* [CP] Check Pods Manifest.lock */,
				0642833C24DADE5C004BA0E1 /* Sources */,
				0642833D24DADE5C004BA0E1 /* Frameworks */,
				0642833E24DADE5C004BA0E1 /* Resources */,
				EC236644834D147FD2C6FCE3 /* [CP] Embed Pods Frameworks */,
			);
			buildRules = (
			);
			dependencies = (
			);
			name = AppStoreSearchingProject;
			packageProductDependencies = (
				1C152EBF2751D72700D181AB /* IQKeyboardManagerSwift */,
			);
			productName = AppStoreSearchingProject;
			productReference = 0642834024DADE5C004BA0E1 /* AppStoreSearchingProject.app */;
			productType = "com.apple.product-type.application";
		};
/* End PBXNativeTarget section */

/* Begin PBXProject section */
		0642833824DADE5C004BA0E1 /* Project object */ = {
			isa = PBXProject;
			attributes = {
				LastSwiftUpdateCheck = 1160;
				LastUpgradeCheck = 1310;
				ORGANIZATIONNAME = yoon;
				TargetAttributes = {
					0642833F24DADE5C004BA0E1 = {
						CreatedOnToolsVersion = 11.6;
					};
				};
			};
			buildConfigurationList = 0642833B24DADE5C004BA0E1 /* Build configuration list for PBXProject "AppStoreSearchingProject" */;
			compatibilityVersion = "Xcode 9.3";
			developmentRegion = en;
			hasScannedForEncodings = 0;
			knownRegions = (
				en,
				Base,
			);
			mainGroup = 0642833724DADE5C004BA0E1;
			packageReferences = (
				1C152EBE2751D72700D181AB /* XCRemoteSwiftPackageReference "IQKeyboardManager" */,
			);
			productRefGroup = 0642834124DADE5C004BA0E1 /* Products */;
			projectDirPath = "";
			projectRoot = "";
			targets = (
				0642833F24DADE5C004BA0E1 /* AppStoreSearchingProject */,
			);
		};
/* End PBXProject section */

/* Begin PBXResourcesBuildPhase section */
		0642833E24DADE5C004BA0E1 /* Resources */ = {
			isa = PBXResourcesBuildPhase;
			buildActionMask = 2147483647;
			files = (
				063659842751F0090097658C /* SplahViewController.xib in Resources */,
				063659B5275227120097658C /* SearchWordCell.xib in Resources */,
				062E44B3275364D00053192A /* DetailPreviewCell.xib in Resources */,
				0642835324DADE5D004BA0E1 /* LaunchScreen.storyboard in Resources */,
				0642835024DADE5D004BA0E1 /* Assets.xcassets in Resources */,
				1C152EC92754958B00D181AB /* ImagePreviewCell.xib in Resources */,
				062E44A12753380D0053192A /* EmptyCell.xib in Resources */,
				062FBFA32754B8280044AE83 /* ReviewDetailCell.xib in Resources */,
				0642834B24DADE5C004BA0E1 /* Main.storyboard in Resources */,
				063659C027522C370097658C /* SearchResultCell.xib in Resources */,
				062E44BE275368410053192A /* DeatilDescriptionCell.xib in Resources */,
				062652D127538BC200AEB1BF /* DetailImageCell.xib in Resources */,
				062652C82753847600AEB1BF /* DetailReviewCell.xib in Resources */,
				062652C22753801200AEB1BF /* DetailRowView.xib in Resources */,
				062652BE27537AEF00AEB1BF /* DetailInfoCell.xib in Resources */,
				062E44A8275358C60053192A /* DetailAppInfoCell.xib in Resources */,
				063408FA2756388400BB7E54 /* SearchResultImageCell.xib in Resources */,
				062E44AC27535FBA0053192A /* DetailNewFeatureCell.xib in Resources */,
			);
			runOnlyForDeploymentPostprocessing = 0;
		};
/* End PBXResourcesBuildPhase section */

/* Begin PBXShellScriptBuildPhase section */
		8222A366DBE5C93B14D2A5B8 /* [CP] Check Pods Manifest.lock */ = {
			isa = PBXShellScriptBuildPhase;
			buildActionMask = 2147483647;
			files = (
			);
			inputFileListPaths = (
			);
			inputPaths = (
				"${PODS_PODFILE_DIR_PATH}/Podfile.lock",
				"${PODS_ROOT}/Manifest.lock",
			);
			name = "[CP] Check Pods Manifest.lock";
			outputFileListPaths = (
			);
			outputPaths = (
				"$(DERIVED_FILE_DIR)/Pods-AppStoreSearchingProject-checkManifestLockResult.txt",
			);
			runOnlyForDeploymentPostprocessing = 0;
			shellPath = /bin/sh;
			shellScript = "diff \"${PODS_PODFILE_DIR_PATH}/Podfile.lock\" \"${PODS_ROOT}/Manifest.lock\" > /dev/null\nif [ $? != 0 ] ; then\n    # print error to STDERR\n    echo \"error: The sandbox is not in sync with the Podfile.lock. Run 'pod install' or update your CocoaPods installation.\" >&2\n    exit 1\nfi\n# This output is used by Xcode 'outputs' to avoid re-running this script phase.\necho \"SUCCESS\" > \"${SCRIPT_OUTPUT_FILE_0}\"\n";
			showEnvVarsInLog = 0;
		};
		EC236644834D147FD2C6FCE3 /* [CP] Embed Pods Frameworks */ = {
			isa = PBXShellScriptBuildPhase;
			buildActionMask = 2147483647;
			files = (
			);
			inputFileListPaths = (
				"${PODS_ROOT}/Target Support Files/Pods-AppStoreSearchingProject/Pods-AppStoreSearchingProject-frameworks-${CONFIGURATION}-input-files.xcfilelist",
			);
			name = "[CP] Embed Pods Frameworks";
			outputFileListPaths = (
				"${PODS_ROOT}/Target Support Files/Pods-AppStoreSearchingProject/Pods-AppStoreSearchingProject-frameworks-${CONFIGURATION}-output-files.xcfilelist",
			);
			runOnlyForDeploymentPostprocessing = 0;
			shellPath = /bin/sh;
			shellScript = "\"${PODS_ROOT}/Target Support Files/Pods-AppStoreSearchingProject/Pods-AppStoreSearchingProject-frameworks.sh\"\n";
			showEnvVarsInLog = 0;
		};
/* End PBXShellScriptBuildPhase section */

/* Begin PBXSourcesBuildPhase section */
		0642833C24DADE5C004BA0E1 /* Sources */ = {
			isa = PBXSourcesBuildPhase;
			buildActionMask = 2147483647;
			files = (
				062652D027538BC200AEB1BF /* DetailImageCell.swift in Sources */,
				063659902751F3B40097658C /* TabBar.swift in Sources */,
				0636599D2751FEE40097658C /* TabBarItem.swift in Sources */,
				0636597C2751E2B00097658C /* AppCoordinator.swift in Sources */,
				062FBFA52754FF690044AE83 /* UIColor+.swift in Sources */,
				063659B1275217DB0097658C /* URLRquest+.swift in Sources */,
				063659BF27522C370097658C /* SearchResultCell.swift in Sources */,
				063659712751DE350097658C /* Int+.swift in Sources */,
				0636597F2751E6F80097658C /* AppSearchCoodinator.swift in Sources */,
				062652CA2753865200AEB1BF /* StackView+.swift in Sources */,
				063659B4275227120097658C /* SearchWordCell.swift in Sources */,
				063659832751F0090097658C /* SplahViewController.swift in Sources */,
				063659AF275212780097658C /* ServerPhaseManager.swift in Sources */,
				1C152EC82754958B00D181AB /* ImagePreviewCell.swift in Sources */,
				063659752751DE770097658C /* NSMutableAttributedString+.swift in Sources */,
				062652C42753810C00AEB1BF /* UINib+.swift in Sources */,
				068617D224E007D200971037 /* DetailViewController.swift in Sources */,
				062652C12753801200AEB1BF /* DetailRowView.swift in Sources */,
				0636598D2751F3270097658C /* TabBarCoordinator.swift in Sources */,
				0636599A2751FC950097658C /* Global.swift in Sources */,
				6755BB2924DD2BAD004BAAB9 /* WordDataManager.swift in Sources */,
				062652CC27538B8900AEB1BF /* UICollectionView+.swift in Sources */,
				062E44A7275358C60053192A /* DetailAppInfoCell.swift in Sources */,
				062E44BD275368410053192A /* DeatilDescriptionCell.swift in Sources */,
				062E44A3275355410053192A /* UILabel+.swift in Sources */,
				062E44AB27535FBA0053192A /* DetailNewFeatureCell.swift in Sources */,
				062E44B2275364D00053192A /* DetailPreviewCell.swift in Sources */,
				6755BB2724DD26C8004BAAB9 /* Words+CoreDataProperties.swift in Sources */,
				063659AA27520BBF0097658C /* SearchTypeModels.swift in Sources */,
				062652C72753847600AEB1BF /* DetailReviewCell.swift in Sources */,
				062E44BA275367380053192A /* DeatilTypeModel.swift in Sources */,
				063659A22752036D0097658C /* DetailCoordinator.swift in Sources */,
				063659872751F0500097658C /* SplashCoordinator.swift in Sources */,
				0685811D24DE8ABB00130E0B /* AppStoreModel.swift in Sources */,
				063659AD275212040097658C /* NetworkManager.swift in Sources */,
				063659732751DE560097658C /* UIView+.swift in Sources */,
				0634091F275648F400BB7E54 /* ImageViewModel.swift in Sources */,
				063408F92756388400BB7E54 /* SearchResultImageCell.swift in Sources */,
				062FBFA22754B8280044AE83 /* ReviewDetailCell.swift in Sources */,
				1C1A87042755D056004B84C0 /* ReviewDetailViewController.swift in Sources */,
				671BAF8B24E12F5F001F1BC8 /* ImagePreviewViewController.swift in Sources */,
				062E44A02753380D0053192A /* EmptyCell.swift in Sources */,
				1C1A87002755CA85004B84C0 /* ReviewDetailCoordinator.swift in Sources */,
				063659A7275203BD0097658C /* ImagePreviewCoordinator.swift in Sources */,
				0642834824DADE5C004BA0E1 /* AppSearchViewController.swift in Sources */,
				0634092127564AB200BB7E54 /* UIImageView+.swift in Sources */,
				0636596F2751DE140097658C /* UITableView+.swift in Sources */,
				063659922751F4180097658C /* UIDevice+.swift in Sources */,
				063659772751DF080097658C /* UITableViewCell+.swift in Sources */,
				0642834424DADE5C004BA0E1 /* AppDelegate.swift in Sources */,
				063659942751F46E0097658C /* TabBarController.swift in Sources */,
				6755BB2624DD26C8004BAAB9 /* Words+CoreDataClass.swift in Sources */,
				0636596D2751DE030097658C /* Date+.swift in Sources */,
				0636596B2751DDD80097658C /* String+.swift in Sources */,
				6755BB2C24DD3A48004BAAB9 /* AppStoreSearchingProject.xcdatamodeld in Sources */,
				062652BD27537AEF00AEB1BF /* DetailInfoCell.swift in Sources */,
				0636597A2751DF450097658C /* Coordinator.swift in Sources */,
			);
			runOnlyForDeploymentPostprocessing = 0;
		};
/* End PBXSourcesBuildPhase section */

/* Begin PBXVariantGroup section */
		0642834924DADE5C004BA0E1 /* Main.storyboard */ = {
			isa = PBXVariantGroup;
			children = (
				0642834A24DADE5C004BA0E1 /* Base */,
			);
			name = Main.storyboard;
			sourceTree = "<group>";
		};
		0642835124DADE5D004BA0E1 /* LaunchScreen.storyboard */ = {
			isa = PBXVariantGroup;
			children = (
				0642835224DADE5D004BA0E1 /* Base */,
			);
			name = LaunchScreen.storyboard;
			sourceTree = "<group>";
		};
/* End PBXVariantGroup section */

/* Begin XCBuildConfiguration section */
		0642835524DADE5D004BA0E1 /* Debug */ = {
			isa = XCBuildConfiguration;
			buildSettings = {
				ALWAYS_SEARCH_USER_PATHS = NO;
				CLANG_ANALYZER_NONNULL = YES;
				CLANG_ANALYZER_NUMBER_OBJECT_CONVERSION = YES_AGGRESSIVE;
				CLANG_CXX_LANGUAGE_STANDARD = "gnu++14";
				CLANG_CXX_LIBRARY = "libc++";
				CLANG_ENABLE_MODULES = YES;
				CLANG_ENABLE_OBJC_ARC = YES;
				CLANG_ENABLE_OBJC_WEAK = YES;
				CLANG_WARN_BLOCK_CAPTURE_AUTORELEASING = YES;
				CLANG_WARN_BOOL_CONVERSION = YES;
				CLANG_WARN_COMMA = YES;
				CLANG_WARN_CONSTANT_CONVERSION = YES;
				CLANG_WARN_DEPRECATED_OBJC_IMPLEMENTATIONS = YES;
				CLANG_WARN_DIRECT_OBJC_ISA_USAGE = YES_ERROR;
				CLANG_WARN_DOCUMENTATION_COMMENTS = YES;
				CLANG_WARN_EMPTY_BODY = YES;
				CLANG_WARN_ENUM_CONVERSION = YES;
				CLANG_WARN_INFINITE_RECURSION = YES;
				CLANG_WARN_INT_CONVERSION = YES;
				CLANG_WARN_NON_LITERAL_NULL_CONVERSION = YES;
				CLANG_WARN_OBJC_IMPLICIT_RETAIN_SELF = YES;
				CLANG_WARN_OBJC_LITERAL_CONVERSION = YES;
				CLANG_WARN_OBJC_ROOT_CLASS = YES_ERROR;
				CLANG_WARN_QUOTED_INCLUDE_IN_FRAMEWORK_HEADER = YES;
				CLANG_WARN_RANGE_LOOP_ANALYSIS = YES;
				CLANG_WARN_STRICT_PROTOTYPES = YES;
				CLANG_WARN_SUSPICIOUS_MOVE = YES;
				CLANG_WARN_UNGUARDED_AVAILABILITY = YES_AGGRESSIVE;
				CLANG_WARN_UNREACHABLE_CODE = YES;
				CLANG_WARN__DUPLICATE_METHOD_MATCH = YES;
				COPY_PHASE_STRIP = NO;
				DEBUG_INFORMATION_FORMAT = dwarf;
				ENABLE_STRICT_OBJC_MSGSEND = YES;
				ENABLE_TESTABILITY = YES;
				GCC_C_LANGUAGE_STANDARD = gnu11;
				GCC_DYNAMIC_NO_PIC = NO;
				GCC_NO_COMMON_BLOCKS = YES;
				GCC_OPTIMIZATION_LEVEL = 0;
				GCC_PREPROCESSOR_DEFINITIONS = (
					"DEBUG=1",
					"$(inherited)",
				);
				GCC_WARN_64_TO_32_BIT_CONVERSION = YES;
				GCC_WARN_ABOUT_RETURN_TYPE = YES_ERROR;
				GCC_WARN_UNDECLARED_SELECTOR = YES;
				GCC_WARN_UNINITIALIZED_AUTOS = YES_AGGRESSIVE;
				GCC_WARN_UNUSED_FUNCTION = YES;
				GCC_WARN_UNUSED_VARIABLE = YES;
				IPHONEOS_DEPLOYMENT_TARGET = 15.0;
				MTL_ENABLE_DEBUG_INFO = INCLUDE_SOURCE;
				MTL_FAST_MATH = YES;
				ONLY_ACTIVE_ARCH = YES;
				SDKROOT = iphoneos;
				SWIFT_ACTIVE_COMPILATION_CONDITIONS = DEBUG;
				SWIFT_OPTIMIZATION_LEVEL = "-Onone";
			};
			name = Debug;
		};
		0642835624DADE5D004BA0E1 /* Release */ = {
			isa = XCBuildConfiguration;
			buildSettings = {
				ALWAYS_SEARCH_USER_PATHS = NO;
				CLANG_ANALYZER_NONNULL = YES;
				CLANG_ANALYZER_NUMBER_OBJECT_CONVERSION = YES_AGGRESSIVE;
				CLANG_CXX_LANGUAGE_STANDARD = "gnu++14";
				CLANG_CXX_LIBRARY = "libc++";
				CLANG_ENABLE_MODULES = YES;
				CLANG_ENABLE_OBJC_ARC = YES;
				CLANG_ENABLE_OBJC_WEAK = YES;
				CLANG_WARN_BLOCK_CAPTURE_AUTORELEASING = YES;
				CLANG_WARN_BOOL_CONVERSION = YES;
				CLANG_WARN_COMMA = YES;
				CLANG_WARN_CONSTANT_CONVERSION = YES;
				CLANG_WARN_DEPRECATED_OBJC_IMPLEMENTATIONS = YES;
				CLANG_WARN_DIRECT_OBJC_ISA_USAGE = YES_ERROR;
				CLANG_WARN_DOCUMENTATION_COMMENTS = YES;
				CLANG_WARN_EMPTY_BODY = YES;
				CLANG_WARN_ENUM_CONVERSION = YES;
				CLANG_WARN_INFINITE_RECURSION = YES;
				CLANG_WARN_INT_CONVERSION = YES;
				CLANG_WARN_NON_LITERAL_NULL_CONVERSION = YES;
				CLANG_WARN_OBJC_IMPLICIT_RETAIN_SELF = YES;
				CLANG_WARN_OBJC_LITERAL_CONVERSION = YES;
				CLANG_WARN_OBJC_ROOT_CLASS = YES_ERROR;
				CLANG_WARN_QUOTED_INCLUDE_IN_FRAMEWORK_HEADER = YES;
				CLANG_WARN_RANGE_LOOP_ANALYSIS = YES;
				CLANG_WARN_STRICT_PROTOTYPES = YES;
				CLANG_WARN_SUSPICIOUS_MOVE = YES;
				CLANG_WARN_UNGUARDED_AVAILABILITY = YES_AGGRESSIVE;
				CLANG_WARN_UNREACHABLE_CODE = YES;
				CLANG_WARN__DUPLICATE_METHOD_MATCH = YES;
				COPY_PHASE_STRIP = NO;
				DEBUG_INFORMATION_FORMAT = "dwarf-with-dsym";
				ENABLE_NS_ASSERTIONS = NO;
				ENABLE_STRICT_OBJC_MSGSEND = YES;
				GCC_C_LANGUAGE_STANDARD = gnu11;
				GCC_NO_COMMON_BLOCKS = YES;
				GCC_WARN_64_TO_32_BIT_CONVERSION = YES;
				GCC_WARN_ABOUT_RETURN_TYPE = YES_ERROR;
				GCC_WARN_UNDECLARED_SELECTOR = YES;
				GCC_WARN_UNINITIALIZED_AUTOS = YES_AGGRESSIVE;
				GCC_WARN_UNUSED_FUNCTION = YES;
				GCC_WARN_UNUSED_VARIABLE = YES;
				IPHONEOS_DEPLOYMENT_TARGET = 15.0;
				MTL_ENABLE_DEBUG_INFO = NO;
				MTL_FAST_MATH = YES;
				SDKROOT = iphoneos;
				SWIFT_COMPILATION_MODE = wholemodule;
				SWIFT_OPTIMIZATION_LEVEL = "-O";
				VALIDATE_PRODUCT = YES;
			};
			name = Release;
		};
		0642835824DADE5D004BA0E1 /* Debug */ = {
			isa = XCBuildConfiguration;
			baseConfigurationReference = F5A27D0F2886C8206C9C8C41 /* Pods-AppStoreSearchingProject.debug.xcconfig */;
			buildSettings = {
				ASSETCATALOG_COMPILER_APPICON_NAME = AppIcon;
				CODE_SIGN_STYLE = Automatic;
				DEVELOPMENT_TEAM = 9P6WAX9VN5;
				INFOPLIST_FILE = AppStoreSearchingProject/Resource/Info.plist;
				IPHONEOS_DEPLOYMENT_TARGET = 15.0;
				LD_RUNPATH_SEARCH_PATHS = (
					"$(inherited)",
					"@executable_path/Frameworks",
				);
				PRODUCT_BUNDLE_IDENTIFIER = kr.yoon.AppStoreSearchingProject;
				PRODUCT_NAME = "$(TARGET_NAME)";
				SWIFT_VERSION = 5.0;
				TARGETED_DEVICE_FAMILY = 1;
			};
			name = Debug;
		};
		0642835924DADE5D004BA0E1 /* Release */ = {
			isa = XCBuildConfiguration;
			baseConfigurationReference = 06E6FE1F82A7780B2FED5B43 /* Pods-AppStoreSearchingProject.release.xcconfig */;
			buildSettings = {
				ASSETCATALOG_COMPILER_APPICON_NAME = AppIcon;
				CODE_SIGN_STYLE = Automatic;
				DEVELOPMENT_TEAM = 9P6WAX9VN5;
				INFOPLIST_FILE = AppStoreSearchingProject/Resource/Info.plist;
				IPHONEOS_DEPLOYMENT_TARGET = 15.0;
				LD_RUNPATH_SEARCH_PATHS = (
					"$(inherited)",
					"@executable_path/Frameworks",
				);
				PRODUCT_BUNDLE_IDENTIFIER = kr.yoon.AppStoreSearchingProject;
				PRODUCT_NAME = "$(TARGET_NAME)";
				SWIFT_VERSION = 5.0;
				TARGETED_DEVICE_FAMILY = 1;
			};
			name = Release;
		};
/* End XCBuildConfiguration section */

/* Begin XCConfigurationList section */
		0642833B24DADE5C004BA0E1 /* Build configuration list for PBXProject "AppStoreSearchingProject" */ = {
			isa = XCConfigurationList;
			buildConfigurations = (
				0642835524DADE5D004BA0E1 /* Debug */,
				0642835624DADE5D004BA0E1 /* Release */,
			);
			defaultConfigurationIsVisible = 0;
			defaultConfigurationName = Release;
		};
		0642835724DADE5D004BA0E1 /* Build configuration list for PBXNativeTarget "AppStoreSearchingProject" */ = {
			isa = XCConfigurationList;
			buildConfigurations = (
				0642835824DADE5D004BA0E1 /* Debug */,
				0642835924DADE5D004BA0E1 /* Release */,
			);
			defaultConfigurationIsVisible = 0;
			defaultConfigurationName = Release;
		};
/* End XCConfigurationList section */

/* Begin XCRemoteSwiftPackageReference section */
		1C152EBE2751D72700D181AB /* XCRemoteSwiftPackageReference "IQKeyboardManager" */ = {
			isa = XCRemoteSwiftPackageReference;
			repositoryURL = "https://github.com/hackiftekhar/IQKeyboardManager";
			requirement = {
				kind = exactVersion;
				version = 6.5.9;
			};
		};
/* End XCRemoteSwiftPackageReference section */

/* Begin XCSwiftPackageProductDependency section */
		1C152EBF2751D72700D181AB /* IQKeyboardManagerSwift */ = {
			isa = XCSwiftPackageProductDependency;
			package = 1C152EBE2751D72700D181AB /* XCRemoteSwiftPackageReference "IQKeyboardManager" */;
			productName = IQKeyboardManagerSwift;
		};
/* End XCSwiftPackageProductDependency section */

/* Begin XCVersionGroup section */
		6755BB2A24DD3A48004BAAB9 /* AppStoreSearchingProject.xcdatamodeld */ = {
			isa = XCVersionGroup;
			children = (
				6755BB2B24DD3A48004BAAB9 /* AppStoreSearchingProject.xcdatamodel */,
			);
			currentVersion = 6755BB2B24DD3A48004BAAB9 /* AppStoreSearchingProject.xcdatamodel */;
			path = AppStoreSearchingProject.xcdatamodeld;
			sourceTree = "<group>";
			versionGroupType = wrapper.xcdatamodel;
		};
/* End XCVersionGroup section */
	};
	rootObject = 0642833824DADE5C004BA0E1 /* Project object */;
}
